// !$*UTF8*$!
{
	archiveVersion = 1;
	classes = {
	};
	objectVersion = 46;
	objects = {

/* Begin PBXBuildFile section */
		021E561B249B3A2100AB89F3 /* SwiftUIView.swift in Sources */ = {isa = PBXBuildFile; fileRef = 021E561A249B3A2100AB89F3 /* SwiftUIView.swift */; };
		021E5621249B584500AB89F3 /* SecondSwiftUIView.swift in Sources */ = {isa = PBXBuildFile; fileRef = 021E5620249B584500AB89F3 /* SecondSwiftUIView.swift */; };
		028AFB3B24AAC5B300661743 /* SwiftUICombineView.swift in Sources */ = {isa = PBXBuildFile; fileRef = 028AFB3A24AAC5B300661743 /* SwiftUICombineView.swift */; };
		028AFB3D24AACC3900661743 /* SwiftUICombineViewModel.swift in Sources */ = {isa = PBXBuildFile; fileRef = 028AFB3C24AACC3900661743 /* SwiftUICombineViewModel.swift */; };
		028AFB4424AAE6B600661743 /* SwiftUITutorialView.swift in Sources */ = {isa = PBXBuildFile; fileRef = 028AFB4324AAE6B600661743 /* SwiftUITutorialView.swift */; };
		028AFB4724AAF8B600661743 /* turtlerock.jpg in Resources */ = {isa = PBXBuildFile; fileRef = 028AFB4624AAF8B600661743 /* turtlerock.jpg */; };
		028AFB4924AAF8D700661743 /* CircleImage.swift in Sources */ = {isa = PBXBuildFile; fileRef = 028AFB4824AAF8D700661743 /* CircleImage.swift */; };
		028AFB4B24AB070200661743 /* MapView.swift in Sources */ = {isa = PBXBuildFile; fileRef = 028AFB4A24AB070200661743 /* MapView.swift */; };
		028AFB4D24AB0C6800661743 /* Landmark.swift in Sources */ = {isa = PBXBuildFile; fileRef = 028AFB4C24AB0C6800661743 /* Landmark.swift */; };
		028AFB5C24AB0DB500661743 /* rainbowlake.jpg in Resources */ = {isa = PBXBuildFile; fileRef = 028AFB4F24AB0DB500661743 /* rainbowlake.jpg */; };
		028AFB5D24AB0DB500661743 /* yukon_charleyrivers.jpg in Resources */ = {isa = PBXBuildFile; fileRef = 028AFB5024AB0DB500661743 /* yukon_charleyrivers.jpg */; };
		028AFB5E24AB0DB500661743 /* umbagog.jpg in Resources */ = {isa = PBXBuildFile; fileRef = 028AFB5124AB0DB500661743 /* umbagog.jpg */; };
		028AFB5F24AB0DB500661743 /* hiddenlake.jpg in Resources */ = {isa = PBXBuildFile; fileRef = 028AFB5224AB0DB500661743 /* hiddenlake.jpg */; };
		028AFB6024AB0DB500661743 /* icybay.jpg in Resources */ = {isa = PBXBuildFile; fileRef = 028AFB5324AB0DB500661743 /* icybay.jpg */; };
		028AFB6124AB0DB500661743 /* chincoteague.jpg in Resources */ = {isa = PBXBuildFile; fileRef = 028AFB5424AB0DB500661743 /* chincoteague.jpg */; };
		028AFB6224AB0DB500661743 /* stmarylake.jpg in Resources */ = {isa = PBXBuildFile; fileRef = 028AFB5524AB0DB500661743 /* stmarylake.jpg */; };
		028AFB6324AB0DB500661743 /* twinlake.jpg in Resources */ = {isa = PBXBuildFile; fileRef = 028AFB5624AB0DB500661743 /* twinlake.jpg */; };
		028AFB6424AB0DB500661743 /* landmarkData.json in Resources */ = {isa = PBXBuildFile; fileRef = 028AFB5724AB0DB500661743 /* landmarkData.json */; };
		028AFB6524AB0DB500661743 /* silversalmoncreek.jpg in Resources */ = {isa = PBXBuildFile; fileRef = 028AFB5824AB0DB500661743 /* silversalmoncreek.jpg */; };
		028AFB6624AB0DB500661743 /* lakemcdonald.jpg in Resources */ = {isa = PBXBuildFile; fileRef = 028AFB5924AB0DB500661743 /* lakemcdonald.jpg */; };
		028AFB6824AB0DB500661743 /* chilkoottrail.jpg in Resources */ = {isa = PBXBuildFile; fileRef = 028AFB5B24AB0DB500661743 /* chilkoottrail.jpg */; };
		028AFB6A24AB0DF200661743 /* LandmarkDetail.swift in Sources */ = {isa = PBXBuildFile; fileRef = 028AFB6924AB0DF200661743 /* LandmarkDetail.swift */; };
		028AFB6C24AB0E9600661743 /* Data.swift in Sources */ = {isa = PBXBuildFile; fileRef = 028AFB6B24AB0E9500661743 /* Data.swift */; };
		028AFB6E24AB123500661743 /* LandmarkRow.swift in Sources */ = {isa = PBXBuildFile; fileRef = 028AFB6D24AB123500661743 /* LandmarkRow.swift */; };
		028AFB7024AB14E000661743 /* LandmarkList.swift in Sources */ = {isa = PBXBuildFile; fileRef = 028AFB6F24AB14E000661743 /* LandmarkList.swift */; };
		028AFB7224AB363700661743 /* UserData.swift in Sources */ = {isa = PBXBuildFile; fileRef = 028AFB7124AB363700661743 /* UserData.swift */; };
		559D35BB67E2AD7148D3EC4E /* Pods_SwiftStudy.framework in Frameworks */ = {isa = PBXBuildFile; fileRef = 8A9B8145D701B517DA8A7295 /* Pods_SwiftStudy.framework */; };
		BB2C3A601F136E2100DBF206 /* RealmNumber.swift in Sources */ = {isa = PBXBuildFile; fileRef = BB2C3A5F1F136E2100DBF206 /* RealmNumber.swift */; };
		BB3CB2001F0B9ACF0072178C /* DrawingViewController.swift in Sources */ = {isa = PBXBuildFile; fileRef = BB3CB1FF1F0B9ACF0072178C /* DrawingViewController.swift */; };
		BB5A800D1E96065100000670 /* RealmViewController.swift in Sources */ = {isa = PBXBuildFile; fileRef = BB5A800C1E96065100000670 /* RealmViewController.swift */; };
		BB9F4CE91F0DDCC400650829 /* CategoryViewController.swift in Sources */ = {isa = PBXBuildFile; fileRef = BB9F4CE81F0DDCC400650829 /* CategoryViewController.swift */; };
		BB9F4CEB1F0DDD4200650829 /* UIView.swift in Sources */ = {isa = PBXBuildFile; fileRef = BB9F4CEA1F0DDD4200650829 /* UIView.swift */; };
		BBD637F01EB0AB60002CF131 /* IBDesignableViewController.swift in Sources */ = {isa = PBXBuildFile; fileRef = BBD637EF1EB0AB60002CF131 /* IBDesignableViewController.swift */; };
		BBD637F21EB0ACA4002CF131 /* CustomRectView.swift in Sources */ = {isa = PBXBuildFile; fileRef = BBD637F11EB0ACA4002CF131 /* CustomRectView.swift */; };
		D604CCE324A89EDE006927DE /* SwiftUIViewModel.swift in Sources */ = {isa = PBXBuildFile; fileRef = D604CCE224A89EDE006927DE /* SwiftUIViewModel.swift */; };
		D6663DBC1E7EB74900531889 /* GugudanViewController.swift in Sources */ = {isa = PBXBuildFile; fileRef = D6663DBB1E7EB74900531889 /* GugudanViewController.swift */; };
		D6C62F4F1E797D5E007D497A /* AppDelegate.swift in Sources */ = {isa = PBXBuildFile; fileRef = D6C62F4E1E797D5E007D497A /* AppDelegate.swift */; };
		D6C62F511E797D5E007D497A /* ViewController.swift in Sources */ = {isa = PBXBuildFile; fileRef = D6C62F501E797D5E007D497A /* ViewController.swift */; };
		D6C62F541E797D5E007D497A /* Main.storyboard in Resources */ = {isa = PBXBuildFile; fileRef = D6C62F521E797D5E007D497A /* Main.storyboard */; };
		D6C62F561E797D5E007D497A /* Assets.xcassets in Resources */ = {isa = PBXBuildFile; fileRef = D6C62F551E797D5E007D497A /* Assets.xcassets */; };
		D6C62F591E797D5E007D497A /* LaunchScreen.storyboard in Resources */ = {isa = PBXBuildFile; fileRef = D6C62F571E797D5E007D497A /* LaunchScreen.storyboard */; };
		D6C62F641E797D5E007D497A /* SwiftStudyTests.swift in Sources */ = {isa = PBXBuildFile; fileRef = D6C62F631E797D5E007D497A /* SwiftStudyTests.swift */; };
		D6C62F6F1E797D5E007D497A /* SwiftStudyUITests.swift in Sources */ = {isa = PBXBuildFile; fileRef = D6C62F6E1E797D5E007D497A /* SwiftStudyUITests.swift */; };
/* End PBXBuildFile section */

/* Begin PBXContainerItemProxy section */
		D6C62F601E797D5E007D497A /* PBXContainerItemProxy */ = {
			isa = PBXContainerItemProxy;
			containerPortal = D6C62F431E797D5E007D497A /* Project object */;
			proxyType = 1;
			remoteGlobalIDString = D6C62F4A1E797D5E007D497A;
			remoteInfo = SwiftStudy;
		};
		D6C62F6B1E797D5E007D497A /* PBXContainerItemProxy */ = {
			isa = PBXContainerItemProxy;
			containerPortal = D6C62F431E797D5E007D497A /* Project object */;
			proxyType = 1;
			remoteGlobalIDString = D6C62F4A1E797D5E007D497A;
			remoteInfo = SwiftStudy;
		};
/* End PBXContainerItemProxy section */

/* Begin PBXFileReference section */
		021E561A249B3A2100AB89F3 /* SwiftUIView.swift */ = {isa = PBXFileReference; lastKnownFileType = sourcecode.swift; path = SwiftUIView.swift; sourceTree = "<group>"; };
		021E5620249B584500AB89F3 /* SecondSwiftUIView.swift */ = {isa = PBXFileReference; lastKnownFileType = sourcecode.swift; path = SecondSwiftUIView.swift; sourceTree = "<group>"; };
		028AFB3A24AAC5B300661743 /* SwiftUICombineView.swift */ = {isa = PBXFileReference; lastKnownFileType = sourcecode.swift; name = SwiftUICombineView.swift; path = "../../../../../../Users/yoohg/Downloads/CombineWeatherApp/CombineWeatherApp-Starter/SwiftUICombineView.swift"; sourceTree = "<group>"; };
		028AFB3C24AACC3900661743 /* SwiftUICombineViewModel.swift */ = {isa = PBXFileReference; lastKnownFileType = sourcecode.swift; name = SwiftUICombineViewModel.swift; path = "../../../../../../Users/yoohg/Downloads/CombineWeatherApp/CombineWeatherApp-Starter/SwiftUICombineViewModel.swift"; sourceTree = "<group>"; };
		028AFB4324AAE6B600661743 /* SwiftUITutorialView.swift */ = {isa = PBXFileReference; lastKnownFileType = sourcecode.swift; path = SwiftUITutorialView.swift; sourceTree = "<group>"; };
		028AFB4624AAF8B600661743 /* turtlerock.jpg */ = {isa = PBXFileReference; lastKnownFileType = image.jpeg; path = turtlerock.jpg; sourceTree = "<group>"; };
		028AFB4824AAF8D700661743 /* CircleImage.swift */ = {isa = PBXFileReference; lastKnownFileType = sourcecode.swift; path = CircleImage.swift; sourceTree = "<group>"; };
		028AFB4A24AB070200661743 /* MapView.swift */ = {isa = PBXFileReference; lastKnownFileType = sourcecode.swift; path = MapView.swift; sourceTree = "<group>"; };
		028AFB4C24AB0C6800661743 /* Landmark.swift */ = {isa = PBXFileReference; lastKnownFileType = sourcecode.swift; path = Landmark.swift; sourceTree = "<group>"; };
		028AFB4F24AB0DB500661743 /* rainbowlake.jpg */ = {isa = PBXFileReference; lastKnownFileType = image.jpeg; path = rainbowlake.jpg; sourceTree = "<group>"; };
		028AFB5024AB0DB500661743 /* yukon_charleyrivers.jpg */ = {isa = PBXFileReference; lastKnownFileType = image.jpeg; path = yukon_charleyrivers.jpg; sourceTree = "<group>"; };
		028AFB5124AB0DB500661743 /* umbagog.jpg */ = {isa = PBXFileReference; lastKnownFileType = image.jpeg; path = umbagog.jpg; sourceTree = "<group>"; };
		028AFB5224AB0DB500661743 /* hiddenlake.jpg */ = {isa = PBXFileReference; lastKnownFileType = image.jpeg; path = hiddenlake.jpg; sourceTree = "<group>"; };
		028AFB5324AB0DB500661743 /* icybay.jpg */ = {isa = PBXFileReference; lastKnownFileType = image.jpeg; path = icybay.jpg; sourceTree = "<group>"; };
		028AFB5424AB0DB500661743 /* chincoteague.jpg */ = {isa = PBXFileReference; lastKnownFileType = image.jpeg; path = chincoteague.jpg; sourceTree = "<group>"; };
		028AFB5524AB0DB500661743 /* stmarylake.jpg */ = {isa = PBXFileReference; lastKnownFileType = image.jpeg; path = stmarylake.jpg; sourceTree = "<group>"; };
		028AFB5624AB0DB500661743 /* twinlake.jpg */ = {isa = PBXFileReference; lastKnownFileType = image.jpeg; path = twinlake.jpg; sourceTree = "<group>"; };
		028AFB5724AB0DB500661743 /* landmarkData.json */ = {isa = PBXFileReference; fileEncoding = 4; lastKnownFileType = text.json; path = landmarkData.json; sourceTree = "<group>"; };
		028AFB5824AB0DB500661743 /* silversalmoncreek.jpg */ = {isa = PBXFileReference; lastKnownFileType = image.jpeg; path = silversalmoncreek.jpg; sourceTree = "<group>"; };
		028AFB5924AB0DB500661743 /* lakemcdonald.jpg */ = {isa = PBXFileReference; lastKnownFileType = image.jpeg; path = lakemcdonald.jpg; sourceTree = "<group>"; };
		028AFB5A24AB0DB500661743 /* turtlerock.jpg */ = {isa = PBXFileReference; lastKnownFileType = image.jpeg; name = turtlerock.jpg; path = ../../../../../../Users/yoohg/Downloads/BuildingListsAndNavigation/StartingPoint/Landmarks/Landmarks/Resources/turtlerock.jpg; sourceTree = "<group>"; };
		028AFB5B24AB0DB500661743 /* chilkoottrail.jpg */ = {isa = PBXFileReference; lastKnownFileType = image.jpeg; path = chilkoottrail.jpg; sourceTree = "<group>"; };
		028AFB6924AB0DF200661743 /* LandmarkDetail.swift */ = {isa = PBXFileReference; lastKnownFileType = sourcecode.swift; path = LandmarkDetail.swift; sourceTree = "<group>"; };
		028AFB6B24AB0E9500661743 /* Data.swift */ = {isa = PBXFileReference; fileEncoding = 4; lastKnownFileType = sourcecode.swift; path = Data.swift; sourceTree = "<group>"; };
		028AFB6D24AB123500661743 /* LandmarkRow.swift */ = {isa = PBXFileReference; lastKnownFileType = sourcecode.swift; path = LandmarkRow.swift; sourceTree = "<group>"; };
		028AFB6F24AB14E000661743 /* LandmarkList.swift */ = {isa = PBXFileReference; lastKnownFileType = sourcecode.swift; path = LandmarkList.swift; sourceTree = "<group>"; };
		028AFB7124AB363700661743 /* UserData.swift */ = {isa = PBXFileReference; lastKnownFileType = sourcecode.swift; path = UserData.swift; sourceTree = "<group>"; };
		3A21B69A0F2C9C51D8863637 /* Pods-SwiftStudy.debug.xcconfig */ = {isa = PBXFileReference; includeInIndex = 1; lastKnownFileType = text.xcconfig; name = "Pods-SwiftStudy.debug.xcconfig"; path = "Pods/Target Support Files/Pods-SwiftStudy/Pods-SwiftStudy.debug.xcconfig"; sourceTree = "<group>"; };
		6D3CA166306BD1A5D6E38A11 /* Pods-SwiftStudy.release.xcconfig */ = {isa = PBXFileReference; includeInIndex = 1; lastKnownFileType = text.xcconfig; name = "Pods-SwiftStudy.release.xcconfig"; path = "Pods/Target Support Files/Pods-SwiftStudy/Pods-SwiftStudy.release.xcconfig"; sourceTree = "<group>"; };
		8A9B8145D701B517DA8A7295 /* Pods_SwiftStudy.framework */ = {isa = PBXFileReference; explicitFileType = wrapper.framework; includeInIndex = 0; path = Pods_SwiftStudy.framework; sourceTree = BUILT_PRODUCTS_DIR; };
		BB2C3A5F1F136E2100DBF206 /* RealmNumber.swift */ = {isa = PBXFileReference; fileEncoding = 4; lastKnownFileType = sourcecode.swift; name = RealmNumber.swift; path = Realm/RealmNumber.swift; sourceTree = "<group>"; };
		BB3CB1FF1F0B9ACF0072178C /* DrawingViewController.swift */ = {isa = PBXFileReference; fileEncoding = 4; lastKnownFileType = sourcecode.swift; name = DrawingViewController.swift; path = Drawing/DrawingViewController.swift; sourceTree = "<group>"; };
		BB5A800C1E96065100000670 /* RealmViewController.swift */ = {isa = PBXFileReference; fileEncoding = 4; lastKnownFileType = sourcecode.swift; name = RealmViewController.swift; path = Realm/RealmViewController.swift; sourceTree = "<group>"; };
		BB9F4CE81F0DDCC400650829 /* CategoryViewController.swift */ = {isa = PBXFileReference; fileEncoding = 4; lastKnownFileType = sourcecode.swift; name = CategoryViewController.swift; path = Category/CategoryViewController.swift; sourceTree = "<group>"; };
		BB9F4CEA1F0DDD4200650829 /* UIView.swift */ = {isa = PBXFileReference; fileEncoding = 4; lastKnownFileType = sourcecode.swift; name = UIView.swift; path = Category/UIView.swift; sourceTree = "<group>"; };
		BBD637EF1EB0AB60002CF131 /* IBDesignableViewController.swift */ = {isa = PBXFileReference; fileEncoding = 4; lastKnownFileType = sourcecode.swift; name = IBDesignableViewController.swift; path = IBDesignable/IBDesignableViewController.swift; sourceTree = "<group>"; };
		BBD637F11EB0ACA4002CF131 /* CustomRectView.swift */ = {isa = PBXFileReference; fileEncoding = 4; lastKnownFileType = sourcecode.swift; path = CustomRectView.swift; sourceTree = "<group>"; };
		BBEAA0C71EFCAFEB00D3E06F /* SwiftStudy-Bridging-Header.h */ = {isa = PBXFileReference; lastKnownFileType = sourcecode.c.h; path = "SwiftStudy-Bridging-Header.h"; sourceTree = "<group>"; };
		D604CCE224A89EDE006927DE /* SwiftUIViewModel.swift */ = {isa = PBXFileReference; lastKnownFileType = sourcecode.swift; path = SwiftUIViewModel.swift; sourceTree = "<group>"; };
		D6663DBB1E7EB74900531889 /* GugudanViewController.swift */ = {isa = PBXFileReference; fileEncoding = 4; lastKnownFileType = sourcecode.swift; name = GugudanViewController.swift; path = Gugudan/GugudanViewController.swift; sourceTree = "<group>"; };
		D6C62F4B1E797D5E007D497A /* SwiftStudy.app */ = {isa = PBXFileReference; explicitFileType = wrapper.application; includeInIndex = 0; path = SwiftStudy.app; sourceTree = BUILT_PRODUCTS_DIR; };
		D6C62F4E1E797D5E007D497A /* AppDelegate.swift */ = {isa = PBXFileReference; lastKnownFileType = sourcecode.swift; path = AppDelegate.swift; sourceTree = "<group>"; };
		D6C62F501E797D5E007D497A /* ViewController.swift */ = {isa = PBXFileReference; lastKnownFileType = sourcecode.swift; path = ViewController.swift; sourceTree = "<group>"; };
		D6C62F531E797D5E007D497A /* Base */ = {isa = PBXFileReference; lastKnownFileType = file.storyboard; name = Base; path = Base.lproj/Main.storyboard; sourceTree = "<group>"; };
		D6C62F551E797D5E007D497A /* Assets.xcassets */ = {isa = PBXFileReference; lastKnownFileType = folder.assetcatalog; path = Assets.xcassets; sourceTree = "<group>"; };
		D6C62F581E797D5E007D497A /* Base */ = {isa = PBXFileReference; lastKnownFileType = file.storyboard; name = Base; path = Base.lproj/LaunchScreen.storyboard; sourceTree = "<group>"; };
		D6C62F5A1E797D5E007D497A /* Info.plist */ = {isa = PBXFileReference; lastKnownFileType = text.plist.xml; path = Info.plist; sourceTree = "<group>"; };
		D6C62F5F1E797D5E007D497A /* SwiftStudyTests.xctest */ = {isa = PBXFileReference; explicitFileType = wrapper.cfbundle; includeInIndex = 0; path = SwiftStudyTests.xctest; sourceTree = BUILT_PRODUCTS_DIR; };
		D6C62F631E797D5E007D497A /* SwiftStudyTests.swift */ = {isa = PBXFileReference; lastKnownFileType = sourcecode.swift; path = SwiftStudyTests.swift; sourceTree = "<group>"; };
		D6C62F651E797D5E007D497A /* Info.plist */ = {isa = PBXFileReference; lastKnownFileType = text.plist.xml; path = Info.plist; sourceTree = "<group>"; };
		D6C62F6A1E797D5E007D497A /* SwiftStudyUITests.xctest */ = {isa = PBXFileReference; explicitFileType = wrapper.cfbundle; includeInIndex = 0; path = SwiftStudyUITests.xctest; sourceTree = BUILT_PRODUCTS_DIR; };
		D6C62F6E1E797D5E007D497A /* SwiftStudyUITests.swift */ = {isa = PBXFileReference; lastKnownFileType = sourcecode.swift; path = SwiftStudyUITests.swift; sourceTree = "<group>"; };
		D6C62F701E797D5E007D497A /* Info.plist */ = {isa = PBXFileReference; lastKnownFileType = text.plist.xml; path = Info.plist; sourceTree = "<group>"; };
/* End PBXFileReference section */

/* Begin PBXFrameworksBuildPhase section */
		D6C62F481E797D5E007D497A /* Frameworks */ = {
			isa = PBXFrameworksBuildPhase;
			buildActionMask = 2147483647;
			files = (
				559D35BB67E2AD7148D3EC4E /* Pods_SwiftStudy.framework in Frameworks */,
			);
			runOnlyForDeploymentPostprocessing = 0;
		};
		D6C62F5C1E797D5E007D497A /* Frameworks */ = {
			isa = PBXFrameworksBuildPhase;
			buildActionMask = 2147483647;
			files = (
			);
			runOnlyForDeploymentPostprocessing = 0;
		};
		D6C62F671E797D5E007D497A /* Frameworks */ = {
			isa = PBXFrameworksBuildPhase;
			buildActionMask = 2147483647;
			files = (
			);
			runOnlyForDeploymentPostprocessing = 0;
		};
/* End PBXFrameworksBuildPhase section */

/* Begin PBXGroup section */
		021E5619249B3A0800AB89F3 /* SwiftUI */ = {
			isa = PBXGroup;
			children = (
				021E561A249B3A2100AB89F3 /* SwiftUIView.swift */,
				021E5620249B584500AB89F3 /* SecondSwiftUIView.swift */,
				D604CCE224A89EDE006927DE /* SwiftUIViewModel.swift */,
			);
			path = SwiftUI;
			sourceTree = "<group>";
		};
		028AFB4224AAE6A800661743 /* SwiftUI-tutorial */ = {
			isa = PBXGroup;
			children = (
				028AFB4324AAE6B600661743 /* SwiftUITutorialView.swift */,
				028AFB4824AAF8D700661743 /* CircleImage.swift */,
				028AFB4A24AB070200661743 /* MapView.swift */,
				028AFB4C24AB0C6800661743 /* Landmark.swift */,
				028AFB6B24AB0E9500661743 /* Data.swift */,
				028AFB6924AB0DF200661743 /* LandmarkDetail.swift */,
				028AFB6D24AB123500661743 /* LandmarkRow.swift */,
				028AFB6F24AB14E000661743 /* LandmarkList.swift */,
				028AFB7124AB363700661743 /* UserData.swift */,
			);
			path = "SwiftUI-tutorial";
			sourceTree = "<group>";
		};
		028AFB4524AAF8AD00661743 /* Resources */ = {
			isa = PBXGroup;
			children = (
				028AFB5B24AB0DB500661743 /* chilkoottrail.jpg */,
				028AFB5424AB0DB500661743 /* chincoteague.jpg */,
				028AFB5224AB0DB500661743 /* hiddenlake.jpg */,
				028AFB5324AB0DB500661743 /* icybay.jpg */,
				028AFB5924AB0DB500661743 /* lakemcdonald.jpg */,
				028AFB5724AB0DB500661743 /* landmarkData.json */,
				028AFB4F24AB0DB500661743 /* rainbowlake.jpg */,
				028AFB5824AB0DB500661743 /* silversalmoncreek.jpg */,
				028AFB5524AB0DB500661743 /* stmarylake.jpg */,
				028AFB5A24AB0DB500661743 /* turtlerock.jpg */,
				028AFB5624AB0DB500661743 /* twinlake.jpg */,
				028AFB5124AB0DB500661743 /* umbagog.jpg */,
				028AFB5024AB0DB500661743 /* yukon_charleyrivers.jpg */,
				028AFB4624AAF8B600661743 /* turtlerock.jpg */,
			);
			path = Resources;
			sourceTree = "<group>";
		};
		B3BE3F1F3DD3F96DABE4596F /* Pods */ = {
			isa = PBXGroup;
			children = (
				3A21B69A0F2C9C51D8863637 /* Pods-SwiftStudy.debug.xcconfig */,
				6D3CA166306BD1A5D6E38A11 /* Pods-SwiftStudy.release.xcconfig */,
			);
			name = Pods;
			sourceTree = "<group>";
		};
		BB3CB1FE1F0B9AB70072178C /* Drawing */ = {
			isa = PBXGroup;
			children = (
				BB3CB1FF1F0B9ACF0072178C /* DrawingViewController.swift */,
			);
			name = Drawing;
			sourceTree = "<group>";
		};
		BB5A800E1E96065600000670 /* Realm */ = {
			isa = PBXGroup;
			children = (
				BB5A800C1E96065100000670 /* RealmViewController.swift */,
				BB2C3A5F1F136E2100DBF206 /* RealmNumber.swift */,
			);
			name = Realm;
			sourceTree = "<group>";
		};
		BB9F4CE71F0DDCA100650829 /* Category */ = {
			isa = PBXGroup;
			children = (
				BB9F4CE81F0DDCC400650829 /* CategoryViewController.swift */,
				BB9F4CEA1F0DDD4200650829 /* UIView.swift */,
			);
			name = Category;
			sourceTree = "<group>";
		};
		BBD637EE1EB0AB39002CF131 /* IBDesignable */ = {
			isa = PBXGroup;
			children = (
				BBD637EF1EB0AB60002CF131 /* IBDesignableViewController.swift */,
				BBD637F11EB0ACA4002CF131 /* CustomRectView.swift */,
			);
			name = IBDesignable;
			sourceTree = "<group>";
		};
		D604CCE124A86D82006927DE /* SwiftUI-combine */ = {
			isa = PBXGroup;
			children = (
				028AFB3A24AAC5B300661743 /* SwiftUICombineView.swift */,
				028AFB3C24AACC3900661743 /* SwiftUICombineViewModel.swift */,
			);
			path = "SwiftUI-combine";
			sourceTree = "<group>";
		};
		D6663DBA1E7EB73300531889 /* Gugudan */ = {
			isa = PBXGroup;
			children = (
				D6663DBB1E7EB74900531889 /* GugudanViewController.swift */,
			);
			name = Gugudan;
			sourceTree = "<group>";
		};
		D6C62F421E797D5E007D497A = {
			isa = PBXGroup;
			children = (
				D6C62F4D1E797D5E007D497A /* SwiftStudy */,
				D6C62F621E797D5E007D497A /* SwiftStudyTests */,
				D6C62F6D1E797D5E007D497A /* SwiftStudyUITests */,
				D6C62F4C1E797D5E007D497A /* Products */,
				B3BE3F1F3DD3F96DABE4596F /* Pods */,
				EF7CC0D32E7F61EE9C0111F3 /* Frameworks */,
			);
			sourceTree = "<group>";
		};
		D6C62F4C1E797D5E007D497A /* Products */ = {
			isa = PBXGroup;
			children = (
				D6C62F4B1E797D5E007D497A /* SwiftStudy.app */,
				D6C62F5F1E797D5E007D497A /* SwiftStudyTests.xctest */,
				D6C62F6A1E797D5E007D497A /* SwiftStudyUITests.xctest */,
			);
			name = Products;
			sourceTree = "<group>";
		};
		D6C62F4D1E797D5E007D497A /* SwiftStudy */ = {
			isa = PBXGroup;
			children = (
				028AFB4524AAF8AD00661743 /* Resources */,
				028AFB4224AAE6A800661743 /* SwiftUI-tutorial */,
				D604CCE124A86D82006927DE /* SwiftUI-combine */,
				021E5619249B3A0800AB89F3 /* SwiftUI */,
				BB9F4CE71F0DDCA100650829 /* Category */,
				BB3CB1FE1F0B9AB70072178C /* Drawing */,
				BBD637EE1EB0AB39002CF131 /* IBDesignable */,
				BB5A800E1E96065600000670 /* Realm */,
				D6663DBA1E7EB73300531889 /* Gugudan */,
				D6C62F4E1E797D5E007D497A /* AppDelegate.swift */,
				D6C62F501E797D5E007D497A /* ViewController.swift */,
				D6C62F521E797D5E007D497A /* Main.storyboard */,
				D6C62F551E797D5E007D497A /* Assets.xcassets */,
				D6C62F571E797D5E007D497A /* LaunchScreen.storyboard */,
				D6C62F5A1E797D5E007D497A /* Info.plist */,
				BBEAA0C71EFCAFEB00D3E06F /* SwiftStudy-Bridging-Header.h */,
			);
			path = SwiftStudy;
			sourceTree = "<group>";
		};
		D6C62F621E797D5E007D497A /* SwiftStudyTests */ = {
			isa = PBXGroup;
			children = (
				D6C62F631E797D5E007D497A /* SwiftStudyTests.swift */,
				D6C62F651E797D5E007D497A /* Info.plist */,
			);
			path = SwiftStudyTests;
			sourceTree = "<group>";
		};
		D6C62F6D1E797D5E007D497A /* SwiftStudyUITests */ = {
			isa = PBXGroup;
			children = (
				D6C62F6E1E797D5E007D497A /* SwiftStudyUITests.swift */,
				D6C62F701E797D5E007D497A /* Info.plist */,
			);
			path = SwiftStudyUITests;
			sourceTree = "<group>";
		};
		EF7CC0D32E7F61EE9C0111F3 /* Frameworks */ = {
			isa = PBXGroup;
			children = (
				8A9B8145D701B517DA8A7295 /* Pods_SwiftStudy.framework */,
			);
			name = Frameworks;
			sourceTree = "<group>";
		};
/* End PBXGroup section */

/* Begin PBXNativeTarget section */
		D6C62F4A1E797D5E007D497A /* SwiftStudy */ = {
			isa = PBXNativeTarget;
			buildConfigurationList = D6C62F731E797D5E007D497A /* Build configuration list for PBXNativeTarget "SwiftStudy" */;
			buildPhases = (
				4BCB4E7DC00A4EA10D276014 /* [CP] Check Pods Manifest.lock */,
				D6C62F471E797D5E007D497A /* Sources */,
				D6C62F481E797D5E007D497A /* Frameworks */,
				D6C62F491E797D5E007D497A /* Resources */,
				7FD8F68EEE0275AE95AFD83F /* [CP] Embed Pods Frameworks */,
			);
			buildRules = (
			);
			dependencies = (
			);
			name = SwiftStudy;
			productName = SwiftStudy;
			productReference = D6C62F4B1E797D5E007D497A /* SwiftStudy.app */;
			productType = "com.apple.product-type.application";
		};
		D6C62F5E1E797D5E007D497A /* SwiftStudyTests */ = {
			isa = PBXNativeTarget;
			buildConfigurationList = D6C62F761E797D5E007D497A /* Build configuration list for PBXNativeTarget "SwiftStudyTests" */;
			buildPhases = (
				D6C62F5B1E797D5E007D497A /* Sources */,
				D6C62F5C1E797D5E007D497A /* Frameworks */,
				D6C62F5D1E797D5E007D497A /* Resources */,
			);
			buildRules = (
			);
			dependencies = (
				D6C62F611E797D5E007D497A /* PBXTargetDependency */,
			);
			name = SwiftStudyTests;
			productName = SwiftStudyTests;
			productReference = D6C62F5F1E797D5E007D497A /* SwiftStudyTests.xctest */;
			productType = "com.apple.product-type.bundle.unit-test";
		};
		D6C62F691E797D5E007D497A /* SwiftStudyUITests */ = {
			isa = PBXNativeTarget;
			buildConfigurationList = D6C62F791E797D5E007D497A /* Build configuration list for PBXNativeTarget "SwiftStudyUITests" */;
			buildPhases = (
				D6C62F661E797D5E007D497A /* Sources */,
				D6C62F671E797D5E007D497A /* Frameworks */,
				D6C62F681E797D5E007D497A /* Resources */,
			);
			buildRules = (
			);
			dependencies = (
				D6C62F6C1E797D5E007D497A /* PBXTargetDependency */,
			);
			name = SwiftStudyUITests;
			productName = SwiftStudyUITests;
			productReference = D6C62F6A1E797D5E007D497A /* SwiftStudyUITests.xctest */;
			productType = "com.apple.product-type.bundle.ui-testing";
		};
/* End PBXNativeTarget section */

/* Begin PBXProject section */
		D6C62F431E797D5E007D497A /* Project object */ = {
			isa = PBXProject;
			attributes = {
				LastSwiftUpdateCheck = 0820;
				LastUpgradeCheck = 0820;
				ORGANIZATIONNAME = "Jell PD";
				TargetAttributes = {
					D6C62F4A1E797D5E007D497A = {
						CreatedOnToolsVersion = 8.2.1;
						DevelopmentTeam = 7R3TQXEXN8;
						LastSwiftMigration = 0830;
						ProvisioningStyle = Automatic;
					};
					D6C62F5E1E797D5E007D497A = {
						CreatedOnToolsVersion = 8.2.1;
						DevelopmentTeam = 7R3TQXEXN8;
						ProvisioningStyle = Automatic;
						TestTargetID = D6C62F4A1E797D5E007D497A;
					};
					D6C62F691E797D5E007D497A = {
						CreatedOnToolsVersion = 8.2.1;
						DevelopmentTeam = 7R3TQXEXN8;
						ProvisioningStyle = Automatic;
						TestTargetID = D6C62F4A1E797D5E007D497A;
					};
				};
			};
			buildConfigurationList = D6C62F461E797D5E007D497A /* Build configuration list for PBXProject "SwiftStudy" */;
			compatibilityVersion = "Xcode 3.2";
			developmentRegion = English;
			hasScannedForEncodings = 0;
			knownRegions = (
				English,
				en,
				Base,
			);
			mainGroup = D6C62F421E797D5E007D497A;
			productRefGroup = D6C62F4C1E797D5E007D497A /* Products */;
			projectDirPath = "";
			projectRoot = "";
			targets = (
				D6C62F4A1E797D5E007D497A /* SwiftStudy */,
				D6C62F5E1E797D5E007D497A /* SwiftStudyTests */,
				D6C62F691E797D5E007D497A /* SwiftStudyUITests */,
			);
		};
/* End PBXProject section */

/* Begin PBXResourcesBuildPhase section */
		D6C62F491E797D5E007D497A /* Resources */ = {
			isa = PBXResourcesBuildPhase;
			buildActionMask = 2147483647;
			files = (
				028AFB4724AAF8B600661743 /* turtlerock.jpg in Resources */,
				028AFB5C24AB0DB500661743 /* rainbowlake.jpg in Resources */,
				028AFB5E24AB0DB500661743 /* umbagog.jpg in Resources */,
				D6C62F591E797D5E007D497A /* LaunchScreen.storyboard in Resources */,
				028AFB6424AB0DB500661743 /* landmarkData.json in Resources */,
				028AFB6124AB0DB500661743 /* chincoteague.jpg in Resources */,
				028AFB6624AB0DB500661743 /* lakemcdonald.jpg in Resources */,
				D6C62F561E797D5E007D497A /* Assets.xcassets in Resources */,
				028AFB6324AB0DB500661743 /* twinlake.jpg in Resources */,
				028AFB5D24AB0DB500661743 /* yukon_charleyrivers.jpg in Resources */,
				028AFB5F24AB0DB500661743 /* hiddenlake.jpg in Resources */,
				028AFB6824AB0DB500661743 /* chilkoottrail.jpg in Resources */,
				028AFB6024AB0DB500661743 /* icybay.jpg in Resources */,
				028AFB6524AB0DB500661743 /* silversalmoncreek.jpg in Resources */,
				028AFB6224AB0DB500661743 /* stmarylake.jpg in Resources */,
				D6C62F541E797D5E007D497A /* Main.storyboard in Resources */,
			);
			runOnlyForDeploymentPostprocessing = 0;
		};
		D6C62F5D1E797D5E007D497A /* Resources */ = {
			isa = PBXResourcesBuildPhase;
			buildActionMask = 2147483647;
			files = (
			);
			runOnlyForDeploymentPostprocessing = 0;
		};
		D6C62F681E797D5E007D497A /* Resources */ = {
			isa = PBXResourcesBuildPhase;
			buildActionMask = 2147483647;
			files = (
			);
			runOnlyForDeploymentPostprocessing = 0;
		};
/* End PBXResourcesBuildPhase section */

/* Begin PBXShellScriptBuildPhase section */
		4BCB4E7DC00A4EA10D276014 /* [CP] Check Pods Manifest.lock */ = {
			isa = PBXShellScriptBuildPhase;
			buildActionMask = 2147483647;
			files = (
			);
			inputPaths = (
				"${PODS_PODFILE_DIR_PATH}/Podfile.lock",
				"${PODS_ROOT}/Manifest.lock",
			);
			name = "[CP] Check Pods Manifest.lock";
			outputPaths = (
				"$(DERIVED_FILE_DIR)/Pods-SwiftStudy-checkManifestLockResult.txt",
			);
			runOnlyForDeploymentPostprocessing = 0;
			shellPath = /bin/sh;
			shellScript = "diff \"${PODS_PODFILE_DIR_PATH}/Podfile.lock\" \"${PODS_ROOT}/Manifest.lock\" > /dev/null\nif [ $? != 0 ] ; then\n    # print error to STDERR\n    echo \"error: The sandbox is not in sync with the Podfile.lock. Run 'pod install' or update your CocoaPods installation.\" >&2\n    exit 1\nfi\n# This output is used by Xcode 'outputs' to avoid re-running this script phase.\necho \"SUCCESS\" > \"${SCRIPT_OUTPUT_FILE_0}\"\n";
			showEnvVarsInLog = 0;
		};
		7FD8F68EEE0275AE95AFD83F /* [CP] Embed Pods Frameworks */ = {
			isa = PBXShellScriptBuildPhase;
			buildActionMask = 2147483647;
			files = (
			);
			inputPaths = (
				"${PODS_ROOT}/Target Support Files/Pods-SwiftStudy/Pods-SwiftStudy-frameworks.sh",
				"${BUILT_PRODUCTS_DIR}/Realm/Realm.framework",
				"${BUILT_PRODUCTS_DIR}/RealmSwift/RealmSwift.framework",
			);
			name = "[CP] Embed Pods Frameworks";
			outputPaths = (
				"${TARGET_BUILD_DIR}/${FRAMEWORKS_FOLDER_PATH}/Realm.framework",
				"${TARGET_BUILD_DIR}/${FRAMEWORKS_FOLDER_PATH}/RealmSwift.framework",
			);
			runOnlyForDeploymentPostprocessing = 0;
			shellPath = /bin/sh;
			shellScript = "\"${PODS_ROOT}/Target Support Files/Pods-SwiftStudy/Pods-SwiftStudy-frameworks.sh\"\n";
			showEnvVarsInLog = 0;
		};
/* End PBXShellScriptBuildPhase section */

/* Begin PBXSourcesBuildPhase section */
		D6C62F471E797D5E007D497A /* Sources */ = {
			isa = PBXSourcesBuildPhase;
			buildActionMask = 2147483647;
			files = (
				021E5621249B584500AB89F3 /* SecondSwiftUIView.swift in Sources */,
				BB5A800D1E96065100000670 /* RealmViewController.swift in Sources */,
				021E561B249B3A2100AB89F3 /* SwiftUIView.swift in Sources */,
				028AFB4D24AB0C6800661743 /* Landmark.swift in Sources */,
				BBD637F01EB0AB60002CF131 /* IBDesignableViewController.swift in Sources */,
				D6C62F511E797D5E007D497A /* ViewController.swift in Sources */,
				BB3CB2001F0B9ACF0072178C /* DrawingViewController.swift in Sources */,
				028AFB6C24AB0E9600661743 /* Data.swift in Sources */,
				028AFB6E24AB123500661743 /* LandmarkRow.swift in Sources */,
				BB9F4CE91F0DDCC400650829 /* CategoryViewController.swift in Sources */,
				028AFB6A24AB0DF200661743 /* LandmarkDetail.swift in Sources */,
				028AFB4B24AB070200661743 /* MapView.swift in Sources */,
				D6C62F4F1E797D5E007D497A /* AppDelegate.swift in Sources */,
				D6663DBC1E7EB74900531889 /* GugudanViewController.swift in Sources */,
				BB9F4CEB1F0DDD4200650829 /* UIView.swift in Sources */,
				028AFB3B24AAC5B300661743 /* SwiftUICombineView.swift in Sources */,
				D604CCE324A89EDE006927DE /* SwiftUIViewModel.swift in Sources */,
				BB2C3A601F136E2100DBF206 /* RealmNumber.swift in Sources */,
				028AFB7224AB363700661743 /* UserData.swift in Sources */,
				028AFB3D24AACC3900661743 /* SwiftUICombineViewModel.swift in Sources */,
				028AFB4924AAF8D700661743 /* CircleImage.swift in Sources */,
				028AFB7024AB14E000661743 /* LandmarkList.swift in Sources */,
				028AFB4424AAE6B600661743 /* SwiftUITutorialView.swift in Sources */,
				BBD637F21EB0ACA4002CF131 /* CustomRectView.swift in Sources */,
			);
			runOnlyForDeploymentPostprocessing = 0;
		};
		D6C62F5B1E797D5E007D497A /* Sources */ = {
			isa = PBXSourcesBuildPhase;
			buildActionMask = 2147483647;
			files = (
				D6C62F641E797D5E007D497A /* SwiftStudyTests.swift in Sources */,
			);
			runOnlyForDeploymentPostprocessing = 0;
		};
		D6C62F661E797D5E007D497A /* Sources */ = {
			isa = PBXSourcesBuildPhase;
			buildActionMask = 2147483647;
			files = (
				D6C62F6F1E797D5E007D497A /* SwiftStudyUITests.swift in Sources */,
			);
			runOnlyForDeploymentPostprocessing = 0;
		};
/* End PBXSourcesBuildPhase section */

/* Begin PBXTargetDependency section */
		D6C62F611E797D5E007D497A /* PBXTargetDependency */ = {
			isa = PBXTargetDependency;
			target = D6C62F4A1E797D5E007D497A /* SwiftStudy */;
			targetProxy = D6C62F601E797D5E007D497A /* PBXContainerItemProxy */;
		};
		D6C62F6C1E797D5E007D497A /* PBXTargetDependency */ = {
			isa = PBXTargetDependency;
			target = D6C62F4A1E797D5E007D497A /* SwiftStudy */;
			targetProxy = D6C62F6B1E797D5E007D497A /* PBXContainerItemProxy */;
		};
/* End PBXTargetDependency section */

/* Begin PBXVariantGroup section */
		D6C62F521E797D5E007D497A /* Main.storyboard */ = {
			isa = PBXVariantGroup;
			children = (
				D6C62F531E797D5E007D497A /* Base */,
			);
			name = Main.storyboard;
			sourceTree = "<group>";
		};
		D6C62F571E797D5E007D497A /* LaunchScreen.storyboard */ = {
			isa = PBXVariantGroup;
			children = (
				D6C62F581E797D5E007D497A /* Base */,
			);
			name = LaunchScreen.storyboard;
			sourceTree = "<group>";
		};
/* End PBXVariantGroup section */

/* Begin XCBuildConfiguration section */
		D6C62F711E797D5E007D497A /* Debug */ = {
			isa = XCBuildConfiguration;
			buildSettings = {
				ALWAYS_SEARCH_USER_PATHS = NO;
				CLANG_ANALYZER_NONNULL = YES;
				CLANG_CXX_LANGUAGE_STANDARD = "gnu++0x";
				CLANG_CXX_LIBRARY = "libc++";
				CLANG_ENABLE_MODULES = YES;
				CLANG_ENABLE_OBJC_ARC = YES;
				CLANG_WARN_BOOL_CONVERSION = YES;
				CLANG_WARN_CONSTANT_CONVERSION = YES;
				CLANG_WARN_DIRECT_OBJC_ISA_USAGE = YES_ERROR;
				CLANG_WARN_DOCUMENTATION_COMMENTS = YES;
				CLANG_WARN_EMPTY_BODY = YES;
				CLANG_WARN_ENUM_CONVERSION = YES;
				CLANG_WARN_INFINITE_RECURSION = YES;
				CLANG_WARN_INT_CONVERSION = YES;
				CLANG_WARN_OBJC_ROOT_CLASS = YES_ERROR;
				CLANG_WARN_SUSPICIOUS_MOVE = YES;
				CLANG_WARN_UNREACHABLE_CODE = YES;
				CLANG_WARN__DUPLICATE_METHOD_MATCH = YES;
				"CODE_SIGN_IDENTITY[sdk=iphoneos*]" = "iPhone Developer";
				COPY_PHASE_STRIP = NO;
				DEBUG_INFORMATION_FORMAT = dwarf;
				ENABLE_STRICT_OBJC_MSGSEND = YES;
				ENABLE_TESTABILITY = YES;
				GCC_C_LANGUAGE_STANDARD = gnu99;
				GCC_DYNAMIC_NO_PIC = NO;
				GCC_NO_COMMON_BLOCKS = YES;
				GCC_OPTIMIZATION_LEVEL = 0;
				GCC_PREPROCESSOR_DEFINITIONS = (
					"DEBUG=1",
					"$(inherited)",
				);
				GCC_WARN_64_TO_32_BIT_CONVERSION = YES;
				GCC_WARN_ABOUT_RETURN_TYPE = YES_ERROR;
				GCC_WARN_UNDECLARED_SELECTOR = YES;
				GCC_WARN_UNINITIALIZED_AUTOS = YES_AGGRESSIVE;
				GCC_WARN_UNUSED_FUNCTION = YES;
				GCC_WARN_UNUSED_VARIABLE = YES;
				IPHONEOS_DEPLOYMENT_TARGET = 10.2;
				MTL_ENABLE_DEBUG_INFO = YES;
				ONLY_ACTIVE_ARCH = YES;
				SDKROOT = iphoneos;
				SWIFT_ACTIVE_COMPILATION_CONDITIONS = DEBUG;
				SWIFT_OPTIMIZATION_LEVEL = "-Onone";
				TARGETED_DEVICE_FAMILY = "1,2";
			};
			name = Debug;
		};
		D6C62F721E797D5E007D497A /* Release */ = {
			isa = XCBuildConfiguration;
			buildSettings = {
				ALWAYS_SEARCH_USER_PATHS = NO;
				CLANG_ANALYZER_NONNULL = YES;
				CLANG_CXX_LANGUAGE_STANDARD = "gnu++0x";
				CLANG_CXX_LIBRARY = "libc++";
				CLANG_ENABLE_MODULES = YES;
				CLANG_ENABLE_OBJC_ARC = YES;
				CLANG_WARN_BOOL_CONVERSION = YES;
				CLANG_WARN_CONSTANT_CONVERSION = YES;
				CLANG_WARN_DIRECT_OBJC_ISA_USAGE = YES_ERROR;
				CLANG_WARN_DOCUMENTATION_COMMENTS = YES;
				CLANG_WARN_EMPTY_BODY = YES;
				CLANG_WARN_ENUM_CONVERSION = YES;
				CLANG_WARN_INFINITE_RECURSION = YES;
				CLANG_WARN_INT_CONVERSION = YES;
				CLANG_WARN_OBJC_ROOT_CLASS = YES_ERROR;
				CLANG_WARN_SUSPICIOUS_MOVE = YES;
				CLANG_WARN_UNREACHABLE_CODE = YES;
				CLANG_WARN__DUPLICATE_METHOD_MATCH = YES;
				"CODE_SIGN_IDENTITY[sdk=iphoneos*]" = "iPhone Developer";
				COPY_PHASE_STRIP = NO;
				DEBUG_INFORMATION_FORMAT = "dwarf-with-dsym";
				ENABLE_NS_ASSERTIONS = NO;
				ENABLE_STRICT_OBJC_MSGSEND = YES;
				GCC_C_LANGUAGE_STANDARD = gnu99;
				GCC_NO_COMMON_BLOCKS = YES;
				GCC_WARN_64_TO_32_BIT_CONVERSION = YES;
				GCC_WARN_ABOUT_RETURN_TYPE = YES_ERROR;
				GCC_WARN_UNDECLARED_SELECTOR = YES;
				GCC_WARN_UNINITIALIZED_AUTOS = YES_AGGRESSIVE;
				GCC_WARN_UNUSED_FUNCTION = YES;
				GCC_WARN_UNUSED_VARIABLE = YES;
				IPHONEOS_DEPLOYMENT_TARGET = 10.2;
				MTL_ENABLE_DEBUG_INFO = NO;
				SDKROOT = iphoneos;
				SWIFT_OPTIMIZATION_LEVEL = "-Owholemodule";
				TARGETED_DEVICE_FAMILY = "1,2";
				VALIDATE_PRODUCT = YES;
			};
			name = Release;
		};
		D6C62F741E797D5E007D497A /* Debug */ = {
			isa = XCBuildConfiguration;
			baseConfigurationReference = 3A21B69A0F2C9C51D8863637 /* Pods-SwiftStudy.debug.xcconfig */;
			buildSettings = {
				ALWAYS_EMBED_SWIFT_STANDARD_LIBRARIES = "$(inherited)";
				ASSETCATALOG_COMPILER_APPICON_NAME = AppIcon;
				CLANG_ENABLE_MODULES = YES;
				"CODE_SIGN_IDENTITY[sdk=iphoneos*]" = "iPhone Developer";
				DEVELOPMENT_TEAM = 7R3TQXEXN8;
				INFOPLIST_FILE = SwiftStudy/Info.plist;
				IPHONEOS_DEPLOYMENT_TARGET = 13.0;
				LD_RUNPATH_SEARCH_PATHS = "$(inherited) @executable_path/Frameworks";
				PRODUCT_BUNDLE_IDENTIFIER = kr.jell.swiftstudy.SwiftStudy;
				PRODUCT_NAME = "$(TARGET_NAME)";
				SWIFT_OBJC_BRIDGING_HEADER = "SwiftStudy/SwiftStudy-Bridging-Header.h";
				SWIFT_OPTIMIZATION_LEVEL = "-Onone";
				SWIFT_VERSION = 5.0;
			};
			name = Debug;
		};
		D6C62F751E797D5E007D497A /* Release */ = {
			isa = XCBuildConfiguration;
			baseConfigurationReference = 6D3CA166306BD1A5D6E38A11 /* Pods-SwiftStudy.release.xcconfig */;
			buildSettings = {
				ALWAYS_EMBED_SWIFT_STANDARD_LIBRARIES = "$(inherited)";
				ASSETCATALOG_COMPILER_APPICON_NAME = AppIcon;
				CLANG_ENABLE_MODULES = YES;
				"CODE_SIGN_IDENTITY[sdk=iphoneos*]" = "iPhone Developer";
				DEVELOPMENT_TEAM = 7R3TQXEXN8;
				INFOPLIST_FILE = SwiftStudy/Info.plist;
				IPHONEOS_DEPLOYMENT_TARGET = 13.0;
				LD_RUNPATH_SEARCH_PATHS = "$(inherited) @executable_path/Frameworks";
				PRODUCT_BUNDLE_IDENTIFIER = kr.jell.swiftstudy.SwiftStudy;
				PRODUCT_NAME = "$(TARGET_NAME)";
				SWIFT_OBJC_BRIDGING_HEADER = "SwiftStudy/SwiftStudy-Bridging-Header.h";
				SWIFT_VERSION = 5.0;
			};
			name = Release;
		};
		D6C62F771E797D5E007D497A /* Debug */ = {
			isa = XCBuildConfiguration;
			buildSettings = {
				ALWAYS_EMBED_SWIFT_STANDARD_LIBRARIES = YES;
				BUNDLE_LOADER = "$(TEST_HOST)";
				DEVELOPMENT_TEAM = 7R3TQXEXN8;
				INFOPLIST_FILE = SwiftStudyTests/Info.plist;
				LD_RUNPATH_SEARCH_PATHS = "$(inherited) @executable_path/Frameworks @loader_path/Frameworks";
				PRODUCT_BUNDLE_IDENTIFIER = kr.jell.swiftstudy.SwiftStudyTests;
				PRODUCT_NAME = "$(TARGET_NAME)";
				SWIFT_VERSION = 5.0;
				TEST_HOST = "$(BUILT_PRODUCTS_DIR)/SwiftStudy.app/SwiftStudy";
			};
			name = Debug;
		};
		D6C62F781E797D5E007D497A /* Release */ = {
			isa = XCBuildConfiguration;
			buildSettings = {
				ALWAYS_EMBED_SWIFT_STANDARD_LIBRARIES = YES;
				BUNDLE_LOADER = "$(TEST_HOST)";
				DEVELOPMENT_TEAM = 7R3TQXEXN8;
				INFOPLIST_FILE = SwiftStudyTests/Info.plist;
				LD_RUNPATH_SEARCH_PATHS = "$(inherited) @executable_path/Frameworks @loader_path/Frameworks";
				PRODUCT_BUNDLE_IDENTIFIER = kr.jell.swiftstudy.SwiftStudyTests;
				PRODUCT_NAME = "$(TARGET_NAME)";
				SWIFT_VERSION = 5.0;
				TEST_HOST = "$(BUILT_PRODUCTS_DIR)/SwiftStudy.app/SwiftStudy";
			};
			name = Release;
		};
		D6C62F7A1E797D5E007D497A /* Debug */ = {
			isa = XCBuildConfiguration;
			buildSettings = {
				ALWAYS_EMBED_SWIFT_STANDARD_LIBRARIES = YES;
				DEVELOPMENT_TEAM = 7R3TQXEXN8;
				INFOPLIST_FILE = SwiftStudyUITests/Info.plist;
				LD_RUNPATH_SEARCH_PATHS = "$(inherited) @executable_path/Frameworks @loader_path/Frameworks";
				PRODUCT_BUNDLE_IDENTIFIER = kr.jell.swiftstudy.SwiftStudyUITests;
				PRODUCT_NAME = "$(TARGET_NAME)";
				SWIFT_VERSION = 5.0;
				TEST_TARGET_NAME = SwiftStudy;
			};
			name = Debug;
		};
		D6C62F7B1E797D5E007D497A /* Release */ = {
			isa = XCBuildConfiguration;
			buildSettings = {
				ALWAYS_EMBED_SWIFT_STANDARD_LIBRARIES = YES;
				DEVELOPMENT_TEAM = 7R3TQXEXN8;
				INFOPLIST_FILE = SwiftStudyUITests/Info.plist;
				LD_RUNPATH_SEARCH_PATHS = "$(inherited) @executable_path/Frameworks @loader_path/Frameworks";
				PRODUCT_BUNDLE_IDENTIFIER = kr.jell.swiftstudy.SwiftStudyUITests;
				PRODUCT_NAME = "$(TARGET_NAME)";
				SWIFT_VERSION = 5.0;
				TEST_TARGET_NAME = SwiftStudy;
			};
			name = Release;
		};
/* End XCBuildConfiguration section */

/* Begin XCConfigurationList section */
		D6C62F461E797D5E007D497A /* Build configuration list for PBXProject "SwiftStudy" */ = {
			isa = XCConfigurationList;
			buildConfigurations = (
				D6C62F711E797D5E007D497A /* Debug */,
				D6C62F721E797D5E007D497A /* Release */,
			);
			defaultConfigurationIsVisible = 0;
			defaultConfigurationName = Release;
		};
		D6C62F731E797D5E007D497A /* Build configuration list for PBXNativeTarget "SwiftStudy" */ = {
			isa = XCConfigurationList;
			buildConfigurations = (
				D6C62F741E797D5E007D497A /* Debug */,
				D6C62F751E797D5E007D497A /* Release */,
			);
			defaultConfigurationIsVisible = 0;
			defaultConfigurationName = Release;
		};
		D6C62F761E797D5E007D497A /* Build configuration list for PBXNativeTarget "SwiftStudyTests" */ = {
			isa = XCConfigurationList;
			buildConfigurations = (
				D6C62F771E797D5E007D497A /* Debug */,
				D6C62F781E797D5E007D497A /* Release */,
			);
			defaultConfigurationIsVisible = 0;
			defaultConfigurationName = Release;
		};
		D6C62F791E797D5E007D497A /* Build configuration list for PBXNativeTarget "SwiftStudyUITests" */ = {
			isa = XCConfigurationList;
			buildConfigurations = (
				D6C62F7A1E797D5E007D497A /* Debug */,
				D6C62F7B1E797D5E007D497A /* Release */,
			);
			defaultConfigurationIsVisible = 0;
			defaultConfigurationName = Release;
		};
/* End XCConfigurationList section */
	};
	rootObject = D6C62F431E797D5E007D497A /* Project object */;
}
