// !$*UTF8*$!
{
	archiveVersion = 1;
	classes = {
	};
	objectVersion = 46;
	objects = {

/* Begin PBXBuildFile section */
		020DCC5024BEC5160007A0C8 /* Moya_MyService.swift in Sources */ = {isa = PBXBuildFile; fileRef = 020DCC4F24BEC5160007A0C8 /* Moya_MyService.swift */; };
		021E561B249B3A2100AB89F3 /* SwiftUIView.swift in Sources */ = {isa = PBXBuildFile; fileRef = 021E561A249B3A2100AB89F3 /* SwiftUIView.swift */; };
		021E5621249B584500AB89F3 /* SecondSwiftUIView.swift in Sources */ = {isa = PBXBuildFile; fileRef = 021E5620249B584500AB89F3 /* SecondSwiftUIView.swift */; };
		0226464D25087F6B00316B35 /* RxSwiftSketchbookViewController.swift in Sources */ = {isa = PBXBuildFile; fileRef = 0226464C25087F6B00316B35 /* RxSwiftSketchbookViewController.swift */; };
		02264651250F4C5200316B35 /* RxSwiftSketchbookViewModel.swift in Sources */ = {isa = PBXBuildFile; fileRef = 02264650250F4C5200316B35 /* RxSwiftSketchbookViewModel.swift */; };
		02525B77264E15C300B34983 /* ReactorKitCounterViewReactor.swift in Sources */ = {isa = PBXBuildFile; fileRef = 02525B76264E15C300B34983 /* ReactorKitCounterViewReactor.swift */; };
		02525B79264E1DA800B34983 /* ReactorKitCounterViewController.swift in Sources */ = {isa = PBXBuildFile; fileRef = 02525B78264E1DA800B34983 /* ReactorKitCounterViewController.swift */; };
		0260AE0D24F6257D00125671 /* RxSwiftViewController.swift in Sources */ = {isa = PBXBuildFile; fileRef = 0260AE0C24F6257C00125671 /* RxSwiftViewController.swift */; };
		026FDF4824C9874300F584F4 /* RealmTutorialViewController.swift in Sources */ = {isa = PBXBuildFile; fileRef = 026FDF4724C9874300F584F4 /* RealmTutorialViewController.swift */; };
		027D1D852696C087006A2123 /* FCLuffyView.swift in Sources */ = {isa = PBXBuildFile; fileRef = 027D1D842696C087006A2123 /* FCLuffyView.swift */; };
		028AFB4424AAE6B600661743 /* SwiftUITutorialView.swift in Sources */ = {isa = PBXBuildFile; fileRef = 028AFB4324AAE6B600661743 /* SwiftUITutorialView.swift */; };
		028AFB4924AAF8D700661743 /* CircleImage.swift in Sources */ = {isa = PBXBuildFile; fileRef = 028AFB4824AAF8D700661743 /* CircleImage.swift */; };
		028AFB4B24AB070200661743 /* MapView.swift in Sources */ = {isa = PBXBuildFile; fileRef = 028AFB4A24AB070200661743 /* MapView.swift */; };
		028AFB4D24AB0C6800661743 /* Landmark.swift in Sources */ = {isa = PBXBuildFile; fileRef = 028AFB4C24AB0C6800661743 /* Landmark.swift */; };
		028AFB6A24AB0DF200661743 /* LandmarkDetail.swift in Sources */ = {isa = PBXBuildFile; fileRef = 028AFB6924AB0DF200661743 /* LandmarkDetail.swift */; };
		028AFB6E24AB123500661743 /* LandmarkRow.swift in Sources */ = {isa = PBXBuildFile; fileRef = 028AFB6D24AB123500661743 /* LandmarkRow.swift */; };
		028AFB7024AB14E000661743 /* LandmarkList.swift in Sources */ = {isa = PBXBuildFile; fileRef = 028AFB6F24AB14E000661743 /* LandmarkList.swift */; };
		028AFB7224AB363700661743 /* UserData.swift in Sources */ = {isa = PBXBuildFile; fileRef = 028AFB7124AB363700661743 /* UserData.swift */; };
		028AFB9224AC682600661743 /* Badge.swift in Sources */ = {isa = PBXBuildFile; fileRef = 028AFB9124AC682600661743 /* Badge.swift */; };
		028AFB9424AC68D100661743 /* HexagonParameters.swift in Sources */ = {isa = PBXBuildFile; fileRef = 028AFB9324AC68D100661743 /* HexagonParameters.swift */; };
		028AFB9624AD675200661743 /* BadgeBackground.swift in Sources */ = {isa = PBXBuildFile; fileRef = 028AFB9524AD675200661743 /* BadgeBackground.swift */; };
		028AFB9824AD67B000661743 /* BadgeSymbol.swift in Sources */ = {isa = PBXBuildFile; fileRef = 028AFB9724AD67B000661743 /* BadgeSymbol.swift */; };
		028AFB9A24AD85B000661743 /* RotatedBadgeSymbol.swift in Sources */ = {isa = PBXBuildFile; fileRef = 028AFB9924AD85B000661743 /* RotatedBadgeSymbol.swift */; };
		028AFB9D24ADA3E700661743 /* Data.swift in Sources */ = {isa = PBXBuildFile; fileRef = 028AFB9C24ADA3E700661743 /* Data.swift */; };
		028AFBA124ADA42300661743 /* HikeView.swift in Sources */ = {isa = PBXBuildFile; fileRef = 028AFBA024ADA42300661743 /* HikeView.swift */; };
		028AFBA324ADA47700661743 /* HikeGraph.swift in Sources */ = {isa = PBXBuildFile; fileRef = 028AFBA224ADA47700661743 /* HikeGraph.swift */; };
		028AFBA524ADA54100661743 /* Hike.swift in Sources */ = {isa = PBXBuildFile; fileRef = 028AFBA424ADA54100661743 /* Hike.swift */; };
		028AFBA724ADA60B00661743 /* HikeDetail.swift in Sources */ = {isa = PBXBuildFile; fileRef = 028AFBA624ADA60B00661743 /* HikeDetail.swift */; };
		028AFBA924ADA62900661743 /* GraphCapsule.swift in Sources */ = {isa = PBXBuildFile; fileRef = 028AFBA824ADA62900661743 /* GraphCapsule.swift */; };
		028AFBAC24ADB18700661743 /* Home.swift in Sources */ = {isa = PBXBuildFile; fileRef = 028AFBAB24ADB18700661743 /* Home.swift */; };
		028AFBAE24ADB5F500661743 /* CategoryRow.swift in Sources */ = {isa = PBXBuildFile; fileRef = 028AFBAD24ADB5F500661743 /* CategoryRow.swift */; };
		028AFBB124ADCBD000661743 /* ProfileHost.swift in Sources */ = {isa = PBXBuildFile; fileRef = 028AFBB024ADCBD000661743 /* ProfileHost.swift */; };
		028AFBB324ADCC2100661743 /* Profile.swift in Sources */ = {isa = PBXBuildFile; fileRef = 028AFBB224ADCC2100661743 /* Profile.swift */; };
		028AFBB524ADCCD500661743 /* ProfileSummary.swift in Sources */ = {isa = PBXBuildFile; fileRef = 028AFBB424ADCCD500661743 /* ProfileSummary.swift */; };
		028AFBB724ADCEBA00661743 /* HikeBadge.swift in Sources */ = {isa = PBXBuildFile; fileRef = 028AFBB624ADCEBA00661743 /* HikeBadge.swift */; };
		028AFBB924ADD19A00661743 /* ProfileEditor.swift in Sources */ = {isa = PBXBuildFile; fileRef = 028AFBB824ADD19A00661743 /* ProfileEditor.swift */; };
		028AFBC424AEBA2700661743 /* CombineView.swift in Sources */ = {isa = PBXBuildFile; fileRef = 028AFBC224AEBA2700661743 /* CombineView.swift */; };
		028AFBC624AEBBF000661743 /* CombineViewController.swift in Sources */ = {isa = PBXBuildFile; fileRef = 028AFBC524AEBBF000661743 /* CombineViewController.swift */; };
		028AFBC924AEBE2700661743 /* PageViewController.swift in Sources */ = {isa = PBXBuildFile; fileRef = 028AFBC824AEBE2700661743 /* PageViewController.swift */; };
		028AFBCB24AEBF2D00661743 /* PageView.swift in Sources */ = {isa = PBXBuildFile; fileRef = 028AFBCA24AEBF2D00661743 /* PageView.swift */; };
		028AFBCD24AEC43D00661743 /* FeatureCard.swift in Sources */ = {isa = PBXBuildFile; fileRef = 028AFBCC24AEC43D00661743 /* FeatureCard.swift */; };
		028AFBD524AED51900661743 /* PageControl.swift in Sources */ = {isa = PBXBuildFile; fileRef = 028AFBD424AED51900661743 /* PageControl.swift */; };
		028AFBD724AF0B9B00661743 /* CombineTextView.swift in Sources */ = {isa = PBXBuildFile; fileRef = 028AFBD624AF0B9B00661743 /* CombineTextView.swift */; };
		028AFBDD24AF1B0300661743 /* Repository.swift in Sources */ = {isa = PBXBuildFile; fileRef = 028AFBDC24AF1B0300661743 /* Repository.swift */; };
		028AFBDF24AF1B3200661743 /* RxGithubViewModel.swift in Sources */ = {isa = PBXBuildFile; fileRef = 028AFBDE24AF1B3200661743 /* RxGithubViewModel.swift */; };
		028AFBE124AF1BA400661743 /* RxGithubViewController.swift in Sources */ = {isa = PBXBuildFile; fileRef = 028AFBE024AF1BA400661743 /* RxGithubViewController.swift */; };
		028C0F272615BB8000FF8BC9 /* KingFisherViewController.swift in Sources */ = {isa = PBXBuildFile; fileRef = 028C0F262615BB8000FF8BC9 /* KingFisherViewController.swift */; };
		028C0FE7261AF70C00FF8BC9 /* DaumMap.framework in Frameworks */ = {isa = PBXBuildFile; fileRef = 028C0FE6261AF70C00FF8BC9 /* DaumMap.framework */; };
		028C0FEB261AF74900FF8BC9 /* SystemConfiguration.framework in Frameworks */ = {isa = PBXBuildFile; fileRef = 028C0FEA261AF74900FF8BC9 /* SystemConfiguration.framework */; };
		028C0FED261AF74F00FF8BC9 /* CoreLocation.framework in Frameworks */ = {isa = PBXBuildFile; fileRef = 028C0FEC261AF74F00FF8BC9 /* CoreLocation.framework */; };
		028C0FEF261AF75500FF8BC9 /* QuartzCore.framework in Frameworks */ = {isa = PBXBuildFile; fileRef = 028C0FEE261AF75500FF8BC9 /* QuartzCore.framework */; };
		028C0FF1261AF75D00FF8BC9 /* libc++.tbd in Frameworks */ = {isa = PBXBuildFile; fileRef = 028C0FF0261AF75D00FF8BC9 /* libc++.tbd */; };
		028C0FF6261AF76C00FF8BC9 /* libxml2.tbd in Frameworks */ = {isa = PBXBuildFile; fileRef = 028C0FF5261AF76C00FF8BC9 /* libxml2.tbd */; };
		028C0FFB261AF77200FF8BC9 /* libsqlite3.tbd in Frameworks */ = {isa = PBXBuildFile; fileRef = 028C0FFA261AF77200FF8BC9 /* libsqlite3.tbd */; };
		028C1004261AFC2C00FF8BC9 /* DaumMapViewController.swift in Sources */ = {isa = PBXBuildFile; fileRef = 028C1003261AFC2C00FF8BC9 /* DaumMapViewController.swift */; };
		02A31E5324B4649C00D32B41 /* RxCityViewController.swift in Sources */ = {isa = PBXBuildFile; fileRef = 02A31E5224B4649C00D32B41 /* RxCityViewController.swift */; };
		02A31E5624B573BB00D32B41 /* RxChameleonViewController.swift in Sources */ = {isa = PBXBuildFile; fileRef = 02A31E5524B573BB00D32B41 /* RxChameleonViewController.swift */; };
		02A31E5824B59F4300D32B41 /* CircleViewModel.swift in Sources */ = {isa = PBXBuildFile; fileRef = 02A31E5724B59F4300D32B41 /* CircleViewModel.swift */; };
		02A31E5B24B5AC6000D32B41 /* IssueListViewController.swift in Sources */ = {isa = PBXBuildFile; fileRef = 02A31E5A24B5AC6000D32B41 /* IssueListViewController.swift */; };
		02A31E5D24B5AD8900D32B41 /* Issue_Github.swift in Sources */ = {isa = PBXBuildFile; fileRef = 02A31E5C24B5AD8900D32B41 /* Issue_Github.swift */; };
		02A31E5F24B5BF2200D32B41 /* Issue_Repository.swift in Sources */ = {isa = PBXBuildFile; fileRef = 02A31E5E24B5BF2200D32B41 /* Issue_Repository.swift */; };
		02A31E6124B5BF8700D32B41 /* Issue_Issue.swift in Sources */ = {isa = PBXBuildFile; fileRef = 02A31E6024B5BF8700D32B41 /* Issue_Issue.swift */; };
		02A31E6324B5C21C00D32B41 /* Issue_IssueTrackerModel.swift in Sources */ = {isa = PBXBuildFile; fileRef = 02A31E6224B5C21C00D32B41 /* Issue_IssueTrackerModel.swift */; };
		02D6F32B24D7D844001BA1E9 /* RxAlamoFireGithubViewController.swift in Sources */ = {isa = PBXBuildFile; fileRef = 02D6F32A24D7D844001BA1E9 /* RxAlamoFireGithubViewController.swift */; };
		02E2EA792696D3BA00FEBAC5 /* FCViewController.swift in Sources */ = {isa = PBXBuildFile; fileRef = 02E2EA782696D3BA00FEBAC5 /* FCViewController.swift */; };
		02FF186724C13C80005636E7 /* RxAlamofireView.swift in Sources */ = {isa = PBXBuildFile; fileRef = 02FF186624C13C80005636E7 /* RxAlamofireView.swift */; };
		02FF186924C13F21005636E7 /* RxAlamofireViewModel.swift in Sources */ = {isa = PBXBuildFile; fileRef = 02FF186824C13F21005636E7 /* RxAlamofireViewModel.swift */; };
		02FF186C24C14298005636E7 /* SwiftUILocalPushView.swift in Sources */ = {isa = PBXBuildFile; fileRef = 02FF186B24C14298005636E7 /* SwiftUILocalPushView.swift */; };
		02FF186E24C14B03005636E7 /* applelogo.png in Resources */ = {isa = PBXBuildFile; fileRef = 02FF186D24C14B02005636E7 /* applelogo.png */; };
		02FF187124C14E67005636E7 /* SwiftUIJSONParseView.swift in Sources */ = {isa = PBXBuildFile; fileRef = 02FF187024C14E67005636E7 /* SwiftUIJSONParseView.swift */; };
		02FF187424C167DA005636E7 /* SwiftUISpacerView.swift in Sources */ = {isa = PBXBuildFile; fileRef = 02FF187324C167DA005636E7 /* SwiftUISpacerView.swift */; };
		02FF187824C16DD7005636E7 /* SwiftUIAnimationView.swift in Sources */ = {isa = PBXBuildFile; fileRef = 02FF187724C16DD7005636E7 /* SwiftUIAnimationView.swift */; };
		02FF187B24C16F84005636E7 /* OO_Stopwatch.swift in Sources */ = {isa = PBXBuildFile; fileRef = 02FF187A24C16F84005636E7 /* OO_Stopwatch.swift */; };
		02FF187D24C170C0005636E7 /* SwiftUIObservableObjectView.swift in Sources */ = {isa = PBXBuildFile; fileRef = 02FF187C24C170C0005636E7 /* SwiftUIObservableObjectView.swift */; };
		2C324DBF2B3734B0D57C505E /* Pods_SwiftStudy.framework in Frameworks */ = {isa = PBXBuildFile; fileRef = 28847CFAAFC56BDA9312A9A8 /* Pods_SwiftStudy.framework */; };
		901FF3B526E06340004E96EA /* UIKitViewController.swift in Sources */ = {isa = PBXBuildFile; fileRef = 901FF3B426E06340004E96EA /* UIKitViewController.swift */; };
		901FF3B726E0634C004E96EA /* UIPopupRoundViewController.swift in Sources */ = {isa = PBXBuildFile; fileRef = 901FF3B626E0634C004E96EA /* UIPopupRoundViewController.swift */; };
		BB2C3A601F136E2100DBF206 /* RealmNumber.swift in Sources */ = {isa = PBXBuildFile; fileRef = BB2C3A5F1F136E2100DBF206 /* RealmNumber.swift */; };
		BB3CB2001F0B9ACF0072178C /* DrawingViewController.swift in Sources */ = {isa = PBXBuildFile; fileRef = BB3CB1FF1F0B9ACF0072178C /* DrawingViewController.swift */; };
		BB5A800D1E96065100000670 /* RealmViewController.swift in Sources */ = {isa = PBXBuildFile; fileRef = BB5A800C1E96065100000670 /* RealmViewController.swift */; };
		BB9F4CE91F0DDCC400650829 /* CategoryViewController.swift in Sources */ = {isa = PBXBuildFile; fileRef = BB9F4CE81F0DDCC400650829 /* CategoryViewController.swift */; };
		BB9F4CEB1F0DDD4200650829 /* UIView.swift in Sources */ = {isa = PBXBuildFile; fileRef = BB9F4CEA1F0DDD4200650829 /* UIView.swift */; };
		BBD637F01EB0AB60002CF131 /* IBDesignableViewController.swift in Sources */ = {isa = PBXBuildFile; fileRef = BBD637EF1EB0AB60002CF131 /* IBDesignableViewController.swift */; };
		BBD637F21EB0ACA4002CF131 /* CustomRectView.swift in Sources */ = {isa = PBXBuildFile; fileRef = BBD637F11EB0ACA4002CF131 /* CustomRectView.swift */; };
		D6021C2024D56CCA00D23DB9 /* Playground in Resources */ = {isa = PBXBuildFile; fileRef = D6021C1F24D56CCA00D23DB9 /* Playground */; };
		D604CCE324A89EDE006927DE /* SwiftUIViewModel.swift in Sources */ = {isa = PBXBuildFile; fileRef = D604CCE224A89EDE006927DE /* SwiftUIViewModel.swift */; };
		D616938A24B1D670009F2EB1 /* LocalPushViewController.swift in Sources */ = {isa = PBXBuildFile; fileRef = D616938924B1D670009F2EB1 /* LocalPushViewController.swift */; };
		D6663DBC1E7EB74900531889 /* GugudanViewController.swift in Sources */ = {isa = PBXBuildFile; fileRef = D6663DBB1E7EB74900531889 /* GugudanViewController.swift */; };
		D666F16524FB525600357FF2 /* CameraViewController.swift in Sources */ = {isa = PBXBuildFile; fileRef = D666F16424FB525600357FF2 /* CameraViewController.swift */; };
		D6A6D49524D6921900E39419 /* RxMoyaGithubViewController.swift in Sources */ = {isa = PBXBuildFile; fileRef = D6A6D49424D6921900E39419 /* RxMoyaGithubViewController.swift */; };
		D6A6D49724DD10EE00E39419 /* RealmMenuViewController.swift in Sources */ = {isa = PBXBuildFile; fileRef = D6A6D49624DD10EE00E39419 /* RealmMenuViewController.swift */; };
		D6C62F4F1E797D5E007D497A /* AppDelegate.swift in Sources */ = {isa = PBXBuildFile; fileRef = D6C62F4E1E797D5E007D497A /* AppDelegate.swift */; };
		D6C62F511E797D5E007D497A /* ViewController.swift in Sources */ = {isa = PBXBuildFile; fileRef = D6C62F501E797D5E007D497A /* ViewController.swift */; };
		D6C62F541E797D5E007D497A /* Main.storyboard in Resources */ = {isa = PBXBuildFile; fileRef = D6C62F521E797D5E007D497A /* Main.storyboard */; };
		D6C62F561E797D5E007D497A /* Assets.xcassets in Resources */ = {isa = PBXBuildFile; fileRef = D6C62F551E797D5E007D497A /* Assets.xcassets */; };
		D6C62F591E797D5E007D497A /* LaunchScreen.storyboard in Resources */ = {isa = PBXBuildFile; fileRef = D6C62F571E797D5E007D497A /* LaunchScreen.storyboard */; };
		D6C62F641E797D5E007D497A /* SwiftStudyTests.swift in Sources */ = {isa = PBXBuildFile; fileRef = D6C62F631E797D5E007D497A /* SwiftStudyTests.swift */; };
		D6C62F6F1E797D5E007D497A /* SwiftStudyUITests.swift in Sources */ = {isa = PBXBuildFile; fileRef = D6C62F6E1E797D5E007D497A /* SwiftStudyUITests.swift */; };
		D6DF7DE426981C390032CE40 /* Metal.framework in Frameworks */ = {isa = PBXBuildFile; fileRef = D6DF7DE326981C390032CE40 /* Metal.framework */; };
		D6DF7DEB26A6CE670032CE40 /* FCLuffyTestView.swift in Sources */ = {isa = PBXBuildFile; fileRef = D6DF7DEA26A6CE670032CE40 /* FCLuffyTestView.swift */; };
		D6E07EBA24B1B5DA009B6FBA /* stmarylake_feature.jpg in Resources */ = {isa = PBXBuildFile; fileRef = D6E07EA924B1B5D9009B6FBA /* stmarylake_feature.jpg */; };
		D6E07EBB24B1B5DA009B6FBA /* hiddenlake.jpg in Resources */ = {isa = PBXBuildFile; fileRef = D6E07EAA24B1B5D9009B6FBA /* hiddenlake.jpg */; };
		D6E07EBC24B1B5DA009B6FBA /* charleyrivers_feature.jpg in Resources */ = {isa = PBXBuildFile; fileRef = D6E07EAB24B1B5D9009B6FBA /* charleyrivers_feature.jpg */; };
		D6E07EBD24B1B5DA009B6FBA /* chilkoottrail.jpg in Resources */ = {isa = PBXBuildFile; fileRef = D6E07EAC24B1B5D9009B6FBA /* chilkoottrail.jpg */; };
		D6E07EBE24B1B5DA009B6FBA /* rainbowlake.jpg in Resources */ = {isa = PBXBuildFile; fileRef = D6E07EAD24B1B5D9009B6FBA /* rainbowlake.jpg */; };
		D6E07EBF24B1B5DA009B6FBA /* hikeData.json in Resources */ = {isa = PBXBuildFile; fileRef = D6E07EAE24B1B5D9009B6FBA /* hikeData.json */; };
		D6E07EC024B1B5DA009B6FBA /* landmarkData.json in Resources */ = {isa = PBXBuildFile; fileRef = D6E07EAF24B1B5D9009B6FBA /* landmarkData.json */; };
		D6E07EC124B1B5DA009B6FBA /* turtlerock.jpg in Resources */ = {isa = PBXBuildFile; fileRef = D6E07EB024B1B5DA009B6FBA /* turtlerock.jpg */; };
		D6E07EC224B1B5DA009B6FBA /* turtlerock_feature.jpg in Resources */ = {isa = PBXBuildFile; fileRef = D6E07EB124B1B5DA009B6FBA /* turtlerock_feature.jpg */; };
		D6E07EC324B1B5DA009B6FBA /* chincoteague.jpg in Resources */ = {isa = PBXBuildFile; fileRef = D6E07EB224B1B5DA009B6FBA /* chincoteague.jpg */; };
		D6E07EC424B1B5DA009B6FBA /* icybay.jpg in Resources */ = {isa = PBXBuildFile; fileRef = D6E07EB324B1B5DA009B6FBA /* icybay.jpg */; };
		D6E07EC524B1B5DA009B6FBA /* stmarylake.jpg in Resources */ = {isa = PBXBuildFile; fileRef = D6E07EB424B1B5DA009B6FBA /* stmarylake.jpg */; };
		D6E07EC624B1B5DA009B6FBA /* twinlake.jpg in Resources */ = {isa = PBXBuildFile; fileRef = D6E07EB524B1B5DA009B6FBA /* twinlake.jpg */; };
		D6E07EC724B1B5DA009B6FBA /* lakemcdonald.jpg in Resources */ = {isa = PBXBuildFile; fileRef = D6E07EB624B1B5DA009B6FBA /* lakemcdonald.jpg */; };
		D6E07EC824B1B5DA009B6FBA /* charleyrivers.jpg in Resources */ = {isa = PBXBuildFile; fileRef = D6E07EB724B1B5DA009B6FBA /* charleyrivers.jpg */; };
		D6E07EC924B1B5DA009B6FBA /* silversalmoncreek.jpg in Resources */ = {isa = PBXBuildFile; fileRef = D6E07EB824B1B5DA009B6FBA /* silversalmoncreek.jpg */; };
		D6E07ECA24B1B5DA009B6FBA /* umbagog.jpg in Resources */ = {isa = PBXBuildFile; fileRef = D6E07EB924B1B5DA009B6FBA /* umbagog.jpg */; };
/* End PBXBuildFile section */

/* Begin PBXContainerItemProxy section */
		D6C62F601E797D5E007D497A /* PBXContainerItemProxy */ = {
			isa = PBXContainerItemProxy;
			containerPortal = D6C62F431E797D5E007D497A /* Project object */;
			proxyType = 1;
			remoteGlobalIDString = D6C62F4A1E797D5E007D497A;
			remoteInfo = SwiftStudy;
		};
		D6C62F6B1E797D5E007D497A /* PBXContainerItemProxy */ = {
			isa = PBXContainerItemProxy;
			containerPortal = D6C62F431E797D5E007D497A /* Project object */;
			proxyType = 1;
			remoteGlobalIDString = D6C62F4A1E797D5E007D497A;
			remoteInfo = SwiftStudy;
		};
/* End PBXContainerItemProxy section */

/* Begin PBXFileReference section */
		020DCC4F24BEC5160007A0C8 /* Moya_MyService.swift */ = {isa = PBXFileReference; lastKnownFileType = sourcecode.swift; path = Moya_MyService.swift; sourceTree = "<group>"; };
		021E561A249B3A2100AB89F3 /* SwiftUIView.swift */ = {isa = PBXFileReference; lastKnownFileType = sourcecode.swift; path = SwiftUIView.swift; sourceTree = "<group>"; };
		021E5620249B584500AB89F3 /* SecondSwiftUIView.swift */ = {isa = PBXFileReference; lastKnownFileType = sourcecode.swift; path = SecondSwiftUIView.swift; sourceTree = "<group>"; };
		0226464C25087F6B00316B35 /* RxSwiftSketchbookViewController.swift */ = {isa = PBXFileReference; lastKnownFileType = sourcecode.swift; path = RxSwiftSketchbookViewController.swift; sourceTree = "<group>"; };
		02264650250F4C5200316B35 /* RxSwiftSketchbookViewModel.swift */ = {isa = PBXFileReference; lastKnownFileType = sourcecode.swift; path = RxSwiftSketchbookViewModel.swift; sourceTree = "<group>"; };
		02525B76264E15C300B34983 /* ReactorKitCounterViewReactor.swift */ = {isa = PBXFileReference; lastKnownFileType = sourcecode.swift; path = ReactorKitCounterViewReactor.swift; sourceTree = "<group>"; };
		02525B78264E1DA800B34983 /* ReactorKitCounterViewController.swift */ = {isa = PBXFileReference; lastKnownFileType = sourcecode.swift; path = ReactorKitCounterViewController.swift; sourceTree = "<group>"; };
		0260AE0C24F6257C00125671 /* RxSwiftViewController.swift */ = {isa = PBXFileReference; lastKnownFileType = sourcecode.swift; path = RxSwiftViewController.swift; sourceTree = "<group>"; };
		026FDF4724C9874300F584F4 /* RealmTutorialViewController.swift */ = {isa = PBXFileReference; lastKnownFileType = sourcecode.swift; path = RealmTutorialViewController.swift; sourceTree = "<group>"; };
		027D1D842696C087006A2123 /* FCLuffyView.swift */ = {isa = PBXFileReference; lastKnownFileType = sourcecode.swift; path = FCLuffyView.swift; sourceTree = "<group>"; };
		028AFB3A24AAC5B300661743 /* SwiftUICombineView.swift */ = {isa = PBXFileReference; lastKnownFileType = sourcecode.swift; name = SwiftUICombineView.swift; path = "../../../../../../Users/yoohg/Downloads/CombineWeatherApp/CombineWeatherApp-Starter/SwiftUICombineView.swift"; sourceTree = "<group>"; };
		028AFB3C24AACC3900661743 /* SwiftUICombineViewModel.swift */ = {isa = PBXFileReference; lastKnownFileType = sourcecode.swift; name = SwiftUICombineViewModel.swift; path = "../../../../../../Users/yoohg/Downloads/CombineWeatherApp/CombineWeatherApp-Starter/SwiftUICombineViewModel.swift"; sourceTree = "<group>"; };
		028AFB4324AAE6B600661743 /* SwiftUITutorialView.swift */ = {isa = PBXFileReference; lastKnownFileType = sourcecode.swift; path = SwiftUITutorialView.swift; sourceTree = "<group>"; };
		028AFB4824AAF8D700661743 /* CircleImage.swift */ = {isa = PBXFileReference; lastKnownFileType = sourcecode.swift; path = CircleImage.swift; sourceTree = "<group>"; };
		028AFB4A24AB070200661743 /* MapView.swift */ = {isa = PBXFileReference; lastKnownFileType = sourcecode.swift; path = MapView.swift; sourceTree = "<group>"; };
		028AFB4C24AB0C6800661743 /* Landmark.swift */ = {isa = PBXFileReference; lastKnownFileType = sourcecode.swift; path = Landmark.swift; sourceTree = "<group>"; };
		028AFB6924AB0DF200661743 /* LandmarkDetail.swift */ = {isa = PBXFileReference; lastKnownFileType = sourcecode.swift; path = LandmarkDetail.swift; sourceTree = "<group>"; };
		028AFB6D24AB123500661743 /* LandmarkRow.swift */ = {isa = PBXFileReference; lastKnownFileType = sourcecode.swift; path = LandmarkRow.swift; sourceTree = "<group>"; };
		028AFB6F24AB14E000661743 /* LandmarkList.swift */ = {isa = PBXFileReference; lastKnownFileType = sourcecode.swift; path = LandmarkList.swift; sourceTree = "<group>"; };
		028AFB7124AB363700661743 /* UserData.swift */ = {isa = PBXFileReference; lastKnownFileType = sourcecode.swift; path = UserData.swift; sourceTree = "<group>"; };
		028AFB9124AC682600661743 /* Badge.swift */ = {isa = PBXFileReference; lastKnownFileType = sourcecode.swift; path = Badge.swift; sourceTree = "<group>"; };
		028AFB9324AC68D100661743 /* HexagonParameters.swift */ = {isa = PBXFileReference; lastKnownFileType = sourcecode.swift; path = HexagonParameters.swift; sourceTree = "<group>"; };
		028AFB9524AD675200661743 /* BadgeBackground.swift */ = {isa = PBXFileReference; lastKnownFileType = sourcecode.swift; path = BadgeBackground.swift; sourceTree = "<group>"; };
		028AFB9724AD67B000661743 /* BadgeSymbol.swift */ = {isa = PBXFileReference; lastKnownFileType = sourcecode.swift; path = BadgeSymbol.swift; sourceTree = "<group>"; };
		028AFB9924AD85B000661743 /* RotatedBadgeSymbol.swift */ = {isa = PBXFileReference; lastKnownFileType = sourcecode.swift; path = RotatedBadgeSymbol.swift; sourceTree = "<group>"; };
		028AFB9C24ADA3E700661743 /* Data.swift */ = {isa = PBXFileReference; fileEncoding = 4; lastKnownFileType = sourcecode.swift; path = Data.swift; sourceTree = "<group>"; };
		028AFBA024ADA42300661743 /* HikeView.swift */ = {isa = PBXFileReference; lastKnownFileType = sourcecode.swift; path = HikeView.swift; sourceTree = "<group>"; };
		028AFBA224ADA47700661743 /* HikeGraph.swift */ = {isa = PBXFileReference; fileEncoding = 4; lastKnownFileType = sourcecode.swift; path = HikeGraph.swift; sourceTree = "<group>"; };
		028AFBA424ADA54100661743 /* Hike.swift */ = {isa = PBXFileReference; fileEncoding = 4; lastKnownFileType = sourcecode.swift; path = Hike.swift; sourceTree = "<group>"; };
		028AFBA624ADA60B00661743 /* HikeDetail.swift */ = {isa = PBXFileReference; fileEncoding = 4; lastKnownFileType = sourcecode.swift; path = HikeDetail.swift; sourceTree = "<group>"; };
		028AFBA824ADA62900661743 /* GraphCapsule.swift */ = {isa = PBXFileReference; fileEncoding = 4; lastKnownFileType = sourcecode.swift; path = GraphCapsule.swift; sourceTree = "<group>"; };
		028AFBAB24ADB18700661743 /* Home.swift */ = {isa = PBXFileReference; lastKnownFileType = sourcecode.swift; path = Home.swift; sourceTree = "<group>"; };
		028AFBAD24ADB5F500661743 /* CategoryRow.swift */ = {isa = PBXFileReference; lastKnownFileType = sourcecode.swift; path = CategoryRow.swift; sourceTree = "<group>"; };
		028AFBB024ADCBD000661743 /* ProfileHost.swift */ = {isa = PBXFileReference; lastKnownFileType = sourcecode.swift; path = ProfileHost.swift; sourceTree = "<group>"; };
		028AFBB224ADCC2100661743 /* Profile.swift */ = {isa = PBXFileReference; fileEncoding = 4; lastKnownFileType = sourcecode.swift; path = Profile.swift; sourceTree = "<group>"; };
		028AFBB424ADCCD500661743 /* ProfileSummary.swift */ = {isa = PBXFileReference; lastKnownFileType = sourcecode.swift; path = ProfileSummary.swift; sourceTree = "<group>"; };
		028AFBB624ADCEBA00661743 /* HikeBadge.swift */ = {isa = PBXFileReference; lastKnownFileType = sourcecode.swift; path = HikeBadge.swift; sourceTree = "<group>"; };
		028AFBB824ADD19A00661743 /* ProfileEditor.swift */ = {isa = PBXFileReference; lastKnownFileType = sourcecode.swift; path = ProfileEditor.swift; sourceTree = "<group>"; };
		028AFBC224AEBA2700661743 /* CombineView.swift */ = {isa = PBXFileReference; fileEncoding = 4; lastKnownFileType = sourcecode.swift; path = CombineView.swift; sourceTree = "<group>"; };
		028AFBC524AEBBF000661743 /* CombineViewController.swift */ = {isa = PBXFileReference; lastKnownFileType = sourcecode.swift; path = CombineViewController.swift; sourceTree = "<group>"; };
		028AFBC824AEBE2700661743 /* PageViewController.swift */ = {isa = PBXFileReference; lastKnownFileType = sourcecode.swift; path = PageViewController.swift; sourceTree = "<group>"; };
		028AFBCA24AEBF2D00661743 /* PageView.swift */ = {isa = PBXFileReference; lastKnownFileType = sourcecode.swift; path = PageView.swift; sourceTree = "<group>"; };
		028AFBCC24AEC43D00661743 /* FeatureCard.swift */ = {isa = PBXFileReference; fileEncoding = 4; lastKnownFileType = sourcecode.swift; path = FeatureCard.swift; sourceTree = "<group>"; };
		028AFBD424AED51900661743 /* PageControl.swift */ = {isa = PBXFileReference; lastKnownFileType = sourcecode.swift; path = PageControl.swift; sourceTree = "<group>"; };
		028AFBD624AF0B9B00661743 /* CombineTextView.swift */ = {isa = PBXFileReference; lastKnownFileType = sourcecode.swift; path = CombineTextView.swift; sourceTree = "<group>"; };
		028AFBDC24AF1B0300661743 /* Repository.swift */ = {isa = PBXFileReference; lastKnownFileType = sourcecode.swift; path = Repository.swift; sourceTree = "<group>"; };
		028AFBDE24AF1B3200661743 /* RxGithubViewModel.swift */ = {isa = PBXFileReference; lastKnownFileType = sourcecode.swift; path = RxGithubViewModel.swift; sourceTree = "<group>"; };
		028AFBE024AF1BA400661743 /* RxGithubViewController.swift */ = {isa = PBXFileReference; lastKnownFileType = sourcecode.swift; path = RxGithubViewController.swift; sourceTree = "<group>"; };
		028C0F262615BB8000FF8BC9 /* KingFisherViewController.swift */ = {isa = PBXFileReference; lastKnownFileType = sourcecode.swift; path = KingFisherViewController.swift; sourceTree = "<group>"; };
		028C0FE6261AF70C00FF8BC9 /* DaumMap.framework */ = {isa = PBXFileReference; lastKnownFileType = wrapper.framework; path = DaumMap.framework; sourceTree = "<group>"; };
		028C0FE8261AF73D00FF8BC9 /* OpenGLES.framework */ = {isa = PBXFileReference; lastKnownFileType = wrapper.framework; name = OpenGLES.framework; path = System/Library/Frameworks/OpenGLES.framework; sourceTree = SDKROOT; };
		028C0FEA261AF74900FF8BC9 /* SystemConfiguration.framework */ = {isa = PBXFileReference; lastKnownFileType = wrapper.framework; name = SystemConfiguration.framework; path = System/Library/Frameworks/SystemConfiguration.framework; sourceTree = SDKROOT; };
		028C0FEC261AF74F00FF8BC9 /* CoreLocation.framework */ = {isa = PBXFileReference; lastKnownFileType = wrapper.framework; name = CoreLocation.framework; path = System/Library/Frameworks/CoreLocation.framework; sourceTree = SDKROOT; };
		028C0FEE261AF75500FF8BC9 /* QuartzCore.framework */ = {isa = PBXFileReference; lastKnownFileType = wrapper.framework; name = QuartzCore.framework; path = System/Library/Frameworks/QuartzCore.framework; sourceTree = SDKROOT; };
		028C0FF0261AF75D00FF8BC9 /* libc++.tbd */ = {isa = PBXFileReference; lastKnownFileType = "sourcecode.text-based-dylib-definition"; name = "libc++.tbd"; path = "usr/lib/libc++.tbd"; sourceTree = SDKROOT; };
		028C0FF5261AF76C00FF8BC9 /* libxml2.tbd */ = {isa = PBXFileReference; lastKnownFileType = "sourcecode.text-based-dylib-definition"; name = libxml2.tbd; path = usr/lib/libxml2.tbd; sourceTree = SDKROOT; };
		028C0FFA261AF77200FF8BC9 /* libsqlite3.tbd */ = {isa = PBXFileReference; lastKnownFileType = "sourcecode.text-based-dylib-definition"; name = libsqlite3.tbd; path = usr/lib/libsqlite3.tbd; sourceTree = SDKROOT; };
		028C1003261AFC2C00FF8BC9 /* DaumMapViewController.swift */ = {isa = PBXFileReference; lastKnownFileType = sourcecode.swift; path = DaumMapViewController.swift; sourceTree = "<group>"; };
		02A31E5224B4649C00D32B41 /* RxCityViewController.swift */ = {isa = PBXFileReference; lastKnownFileType = sourcecode.swift; path = RxCityViewController.swift; sourceTree = "<group>"; };
		02A31E5524B573BB00D32B41 /* RxChameleonViewController.swift */ = {isa = PBXFileReference; lastKnownFileType = sourcecode.swift; path = RxChameleonViewController.swift; sourceTree = "<group>"; };
		02A31E5724B59F4300D32B41 /* CircleViewModel.swift */ = {isa = PBXFileReference; lastKnownFileType = sourcecode.swift; path = CircleViewModel.swift; sourceTree = "<group>"; };
		02A31E5A24B5AC6000D32B41 /* IssueListViewController.swift */ = {isa = PBXFileReference; lastKnownFileType = sourcecode.swift; path = IssueListViewController.swift; sourceTree = "<group>"; };
		02A31E5C24B5AD8900D32B41 /* Issue_Github.swift */ = {isa = PBXFileReference; lastKnownFileType = sourcecode.swift; path = Issue_Github.swift; sourceTree = "<group>"; };
		02A31E5E24B5BF2200D32B41 /* Issue_Repository.swift */ = {isa = PBXFileReference; lastKnownFileType = sourcecode.swift; path = Issue_Repository.swift; sourceTree = "<group>"; };
		02A31E6024B5BF8700D32B41 /* Issue_Issue.swift */ = {isa = PBXFileReference; lastKnownFileType = sourcecode.swift; path = Issue_Issue.swift; sourceTree = "<group>"; };
		02A31E6224B5C21C00D32B41 /* Issue_IssueTrackerModel.swift */ = {isa = PBXFileReference; lastKnownFileType = sourcecode.swift; path = Issue_IssueTrackerModel.swift; sourceTree = "<group>"; };
		02D6F32A24D7D844001BA1E9 /* RxAlamoFireGithubViewController.swift */ = {isa = PBXFileReference; lastKnownFileType = sourcecode.swift; path = RxAlamoFireGithubViewController.swift; sourceTree = "<group>"; };
		02E2EA782696D3BA00FEBAC5 /* FCViewController.swift */ = {isa = PBXFileReference; lastKnownFileType = sourcecode.swift; path = FCViewController.swift; sourceTree = "<group>"; };
		02FF186624C13C80005636E7 /* RxAlamofireView.swift */ = {isa = PBXFileReference; lastKnownFileType = sourcecode.swift; path = RxAlamofireView.swift; sourceTree = "<group>"; };
		02FF186824C13F21005636E7 /* RxAlamofireViewModel.swift */ = {isa = PBXFileReference; lastKnownFileType = sourcecode.swift; path = RxAlamofireViewModel.swift; sourceTree = "<group>"; };
		02FF186B24C14298005636E7 /* SwiftUILocalPushView.swift */ = {isa = PBXFileReference; lastKnownFileType = sourcecode.swift; path = SwiftUILocalPushView.swift; sourceTree = "<group>"; };
		02FF186D24C14B02005636E7 /* applelogo.png */ = {isa = PBXFileReference; lastKnownFileType = image.png; path = applelogo.png; sourceTree = "<group>"; };
		02FF187024C14E67005636E7 /* SwiftUIJSONParseView.swift */ = {isa = PBXFileReference; lastKnownFileType = sourcecode.swift; path = SwiftUIJSONParseView.swift; sourceTree = "<group>"; };
		02FF187324C167DA005636E7 /* SwiftUISpacerView.swift */ = {isa = PBXFileReference; lastKnownFileType = sourcecode.swift; path = SwiftUISpacerView.swift; sourceTree = "<group>"; };
		02FF187724C16DD7005636E7 /* SwiftUIAnimationView.swift */ = {isa = PBXFileReference; lastKnownFileType = sourcecode.swift; path = SwiftUIAnimationView.swift; sourceTree = "<group>"; };
		02FF187A24C16F84005636E7 /* OO_Stopwatch.swift */ = {isa = PBXFileReference; lastKnownFileType = sourcecode.swift; path = OO_Stopwatch.swift; sourceTree = "<group>"; };
		02FF187C24C170C0005636E7 /* SwiftUIObservableObjectView.swift */ = {isa = PBXFileReference; lastKnownFileType = sourcecode.swift; path = SwiftUIObservableObjectView.swift; sourceTree = "<group>"; };
		28847CFAAFC56BDA9312A9A8 /* Pods_SwiftStudy.framework */ = {isa = PBXFileReference; explicitFileType = wrapper.framework; includeInIndex = 0; path = Pods_SwiftStudy.framework; sourceTree = BUILT_PRODUCTS_DIR; };
		901FF3B426E06340004E96EA /* UIKitViewController.swift */ = {isa = PBXFileReference; lastKnownFileType = sourcecode.swift; path = UIKitViewController.swift; sourceTree = "<group>"; };
		901FF3B626E0634C004E96EA /* UIPopupRoundViewController.swift */ = {isa = PBXFileReference; lastKnownFileType = sourcecode.swift; path = UIPopupRoundViewController.swift; sourceTree = "<group>"; };
		90ACBE8F56558788A071F57E /* Pods-SwiftStudy.release.xcconfig */ = {isa = PBXFileReference; includeInIndex = 1; lastKnownFileType = text.xcconfig; name = "Pods-SwiftStudy.release.xcconfig"; path = "Target Support Files/Pods-SwiftStudy/Pods-SwiftStudy.release.xcconfig"; sourceTree = "<group>"; };
		BB2C3A5F1F136E2100DBF206 /* RealmNumber.swift */ = {isa = PBXFileReference; fileEncoding = 4; lastKnownFileType = sourcecode.swift; name = RealmNumber.swift; path = Realm/RealmNumber.swift; sourceTree = "<group>"; };
		BB3CB1FF1F0B9ACF0072178C /* DrawingViewController.swift */ = {isa = PBXFileReference; fileEncoding = 4; lastKnownFileType = sourcecode.swift; name = DrawingViewController.swift; path = Drawing/DrawingViewController.swift; sourceTree = "<group>"; };
		BB5A800C1E96065100000670 /* RealmViewController.swift */ = {isa = PBXFileReference; fileEncoding = 4; lastKnownFileType = sourcecode.swift; name = RealmViewController.swift; path = Realm/RealmViewController.swift; sourceTree = "<group>"; };
		BB9F4CE81F0DDCC400650829 /* CategoryViewController.swift */ = {isa = PBXFileReference; fileEncoding = 4; lastKnownFileType = sourcecode.swift; name = CategoryViewController.swift; path = Category/CategoryViewController.swift; sourceTree = "<group>"; };
		BB9F4CEA1F0DDD4200650829 /* UIView.swift */ = {isa = PBXFileReference; fileEncoding = 4; lastKnownFileType = sourcecode.swift; name = UIView.swift; path = Category/UIView.swift; sourceTree = "<group>"; };
		BBD637EF1EB0AB60002CF131 /* IBDesignableViewController.swift */ = {isa = PBXFileReference; fileEncoding = 4; lastKnownFileType = sourcecode.swift; name = IBDesignableViewController.swift; path = IBDesignable/IBDesignableViewController.swift; sourceTree = "<group>"; };
		BBD637F11EB0ACA4002CF131 /* CustomRectView.swift */ = {isa = PBXFileReference; fileEncoding = 4; lastKnownFileType = sourcecode.swift; path = CustomRectView.swift; sourceTree = "<group>"; };
		BBEAA0C71EFCAFEB00D3E06F /* SwiftStudy-Bridging-Header.h */ = {isa = PBXFileReference; lastKnownFileType = sourcecode.c.h; path = "SwiftStudy-Bridging-Header.h"; sourceTree = "<group>"; };
		D6021C1F24D56CCA00D23DB9 /* Playground */ = {isa = PBXFileReference; lastKnownFileType = folder; path = Playground; sourceTree = "<group>"; };
		D604CCE224A89EDE006927DE /* SwiftUIViewModel.swift */ = {isa = PBXFileReference; lastKnownFileType = sourcecode.swift; path = SwiftUIViewModel.swift; sourceTree = "<group>"; };
		D616938924B1D670009F2EB1 /* LocalPushViewController.swift */ = {isa = PBXFileReference; lastKnownFileType = sourcecode.swift; path = LocalPushViewController.swift; sourceTree = "<group>"; };
		D6663DBB1E7EB74900531889 /* GugudanViewController.swift */ = {isa = PBXFileReference; fileEncoding = 4; lastKnownFileType = sourcecode.swift; name = GugudanViewController.swift; path = Gugudan/GugudanViewController.swift; sourceTree = "<group>"; };
		D666F16424FB525600357FF2 /* CameraViewController.swift */ = {isa = PBXFileReference; lastKnownFileType = sourcecode.swift; path = CameraViewController.swift; sourceTree = "<group>"; };
		D6A6D49424D6921900E39419 /* RxMoyaGithubViewController.swift */ = {isa = PBXFileReference; lastKnownFileType = sourcecode.swift; path = RxMoyaGithubViewController.swift; sourceTree = "<group>"; };
		D6A6D49624DD10EE00E39419 /* RealmMenuViewController.swift */ = {isa = PBXFileReference; lastKnownFileType = sourcecode.swift; path = RealmMenuViewController.swift; sourceTree = "<group>"; };
		D6AEE15C25271BEE00C3E840 /* RxRealm.framework */ = {isa = PBXFileReference; explicitFileType = wrapper.framework; path = RxRealm.framework; sourceTree = BUILT_PRODUCTS_DIR; };
		D6C62F4B1E797D5E007D497A /* SwiftStudy.app */ = {isa = PBXFileReference; explicitFileType = wrapper.application; includeInIndex = 0; path = SwiftStudy.app; sourceTree = BUILT_PRODUCTS_DIR; };
		D6C62F4E1E797D5E007D497A /* AppDelegate.swift */ = {isa = PBXFileReference; lastKnownFileType = sourcecode.swift; path = AppDelegate.swift; sourceTree = "<group>"; };
		D6C62F501E797D5E007D497A /* ViewController.swift */ = {isa = PBXFileReference; lastKnownFileType = sourcecode.swift; path = ViewController.swift; sourceTree = "<group>"; };
		D6C62F531E797D5E007D497A /* Base */ = {isa = PBXFileReference; lastKnownFileType = file.storyboard; name = Base; path = Base.lproj/Main.storyboard; sourceTree = "<group>"; };
		D6C62F551E797D5E007D497A /* Assets.xcassets */ = {isa = PBXFileReference; lastKnownFileType = folder.assetcatalog; path = Assets.xcassets; sourceTree = "<group>"; };
		D6C62F581E797D5E007D497A /* Base */ = {isa = PBXFileReference; lastKnownFileType = file.storyboard; name = Base; path = Base.lproj/LaunchScreen.storyboard; sourceTree = "<group>"; };
		D6C62F5A1E797D5E007D497A /* Info.plist */ = {isa = PBXFileReference; lastKnownFileType = text.plist.xml; path = Info.plist; sourceTree = "<group>"; };
		D6C62F5F1E797D5E007D497A /* SwiftStudyTests.xctest */ = {isa = PBXFileReference; explicitFileType = wrapper.cfbundle; includeInIndex = 0; path = SwiftStudyTests.xctest; sourceTree = BUILT_PRODUCTS_DIR; };
		D6C62F631E797D5E007D497A /* SwiftStudyTests.swift */ = {isa = PBXFileReference; lastKnownFileType = sourcecode.swift; path = SwiftStudyTests.swift; sourceTree = "<group>"; };
		D6C62F651E797D5E007D497A /* Info.plist */ = {isa = PBXFileReference; lastKnownFileType = text.plist.xml; path = Info.plist; sourceTree = "<group>"; };
		D6C62F6A1E797D5E007D497A /* SwiftStudyUITests.xctest */ = {isa = PBXFileReference; explicitFileType = wrapper.cfbundle; includeInIndex = 0; path = SwiftStudyUITests.xctest; sourceTree = BUILT_PRODUCTS_DIR; };
		D6C62F6E1E797D5E007D497A /* SwiftStudyUITests.swift */ = {isa = PBXFileReference; lastKnownFileType = sourcecode.swift; path = SwiftStudyUITests.swift; sourceTree = "<group>"; };
		D6C62F701E797D5E007D497A /* Info.plist */ = {isa = PBXFileReference; lastKnownFileType = text.plist.xml; path = Info.plist; sourceTree = "<group>"; };
		D6DF7DE326981C390032CE40 /* Metal.framework */ = {isa = PBXFileReference; lastKnownFileType = wrapper.framework; name = Metal.framework; path = System/Library/Frameworks/Metal.framework; sourceTree = SDKROOT; };
		D6DF7DEA26A6CE670032CE40 /* FCLuffyTestView.swift */ = {isa = PBXFileReference; lastKnownFileType = sourcecode.swift; path = FCLuffyTestView.swift; sourceTree = "<group>"; };
		D6E07EA924B1B5D9009B6FBA /* stmarylake_feature.jpg */ = {isa = PBXFileReference; lastKnownFileType = image.jpeg; path = stmarylake_feature.jpg; sourceTree = "<group>"; };
		D6E07EAA24B1B5D9009B6FBA /* hiddenlake.jpg */ = {isa = PBXFileReference; lastKnownFileType = image.jpeg; path = hiddenlake.jpg; sourceTree = "<group>"; };
		D6E07EAB24B1B5D9009B6FBA /* charleyrivers_feature.jpg */ = {isa = PBXFileReference; lastKnownFileType = image.jpeg; path = charleyrivers_feature.jpg; sourceTree = "<group>"; };
		D6E07EAC24B1B5D9009B6FBA /* chilkoottrail.jpg */ = {isa = PBXFileReference; lastKnownFileType = image.jpeg; path = chilkoottrail.jpg; sourceTree = "<group>"; };
		D6E07EAD24B1B5D9009B6FBA /* rainbowlake.jpg */ = {isa = PBXFileReference; lastKnownFileType = image.jpeg; path = rainbowlake.jpg; sourceTree = "<group>"; };
		D6E07EAE24B1B5D9009B6FBA /* hikeData.json */ = {isa = PBXFileReference; fileEncoding = 4; lastKnownFileType = text.json; path = hikeData.json; sourceTree = "<group>"; };
		D6E07EAF24B1B5D9009B6FBA /* landmarkData.json */ = {isa = PBXFileReference; fileEncoding = 4; lastKnownFileType = text.json; path = landmarkData.json; sourceTree = "<group>"; };
		D6E07EB024B1B5DA009B6FBA /* turtlerock.jpg */ = {isa = PBXFileReference; lastKnownFileType = image.jpeg; path = turtlerock.jpg; sourceTree = "<group>"; };
		D6E07EB124B1B5DA009B6FBA /* turtlerock_feature.jpg */ = {isa = PBXFileReference; lastKnownFileType = image.jpeg; path = turtlerock_feature.jpg; sourceTree = "<group>"; };
		D6E07EB224B1B5DA009B6FBA /* chincoteague.jpg */ = {isa = PBXFileReference; lastKnownFileType = image.jpeg; path = chincoteague.jpg; sourceTree = "<group>"; };
		D6E07EB324B1B5DA009B6FBA /* icybay.jpg */ = {isa = PBXFileReference; lastKnownFileType = image.jpeg; path = icybay.jpg; sourceTree = "<group>"; };
		D6E07EB424B1B5DA009B6FBA /* stmarylake.jpg */ = {isa = PBXFileReference; lastKnownFileType = image.jpeg; path = stmarylake.jpg; sourceTree = "<group>"; };
		D6E07EB524B1B5DA009B6FBA /* twinlake.jpg */ = {isa = PBXFileReference; lastKnownFileType = image.jpeg; path = twinlake.jpg; sourceTree = "<group>"; };
		D6E07EB624B1B5DA009B6FBA /* lakemcdonald.jpg */ = {isa = PBXFileReference; lastKnownFileType = image.jpeg; path = lakemcdonald.jpg; sourceTree = "<group>"; };
		D6E07EB724B1B5DA009B6FBA /* charleyrivers.jpg */ = {isa = PBXFileReference; lastKnownFileType = image.jpeg; path = charleyrivers.jpg; sourceTree = "<group>"; };
		D6E07EB824B1B5DA009B6FBA /* silversalmoncreek.jpg */ = {isa = PBXFileReference; lastKnownFileType = image.jpeg; path = silversalmoncreek.jpg; sourceTree = "<group>"; };
		D6E07EB924B1B5DA009B6FBA /* umbagog.jpg */ = {isa = PBXFileReference; lastKnownFileType = image.jpeg; path = umbagog.jpg; sourceTree = "<group>"; };
		F651846779BC6987319F3F36 /* Pods-SwiftStudy.debug.xcconfig */ = {isa = PBXFileReference; includeInIndex = 1; lastKnownFileType = text.xcconfig; name = "Pods-SwiftStudy.debug.xcconfig"; path = "Target Support Files/Pods-SwiftStudy/Pods-SwiftStudy.debug.xcconfig"; sourceTree = "<group>"; };
/* End PBXFileReference section */

/* Begin PBXFrameworksBuildPhase section */
		D6C62F481E797D5E007D497A /* Frameworks */ = {
			isa = PBXFrameworksBuildPhase;
			buildActionMask = 2147483647;
			files = (
				028C0FFB261AF77200FF8BC9 /* libsqlite3.tbd in Frameworks */,
				028C0FF6261AF76C00FF8BC9 /* libxml2.tbd in Frameworks */,
				D6DF7DE426981C390032CE40 /* Metal.framework in Frameworks */,
				028C0FF1261AF75D00FF8BC9 /* libc++.tbd in Frameworks */,
				028C0FEF261AF75500FF8BC9 /* QuartzCore.framework in Frameworks */,
				028C0FED261AF74F00FF8BC9 /* CoreLocation.framework in Frameworks */,
				028C0FEB261AF74900FF8BC9 /* SystemConfiguration.framework in Frameworks */,
				028C0FE7261AF70C00FF8BC9 /* DaumMap.framework in Frameworks */,
				2C324DBF2B3734B0D57C505E /* Pods_SwiftStudy.framework in Frameworks */,
			);
			runOnlyForDeploymentPostprocessing = 0;
		};
		D6C62F5C1E797D5E007D497A /* Frameworks */ = {
			isa = PBXFrameworksBuildPhase;
			buildActionMask = 2147483647;
			files = (
			);
			runOnlyForDeploymentPostprocessing = 0;
		};
		D6C62F671E797D5E007D497A /* Frameworks */ = {
			isa = PBXFrameworksBuildPhase;
			buildActionMask = 2147483647;
			files = (
			);
			runOnlyForDeploymentPostprocessing = 0;
		};
/* End PBXFrameworksBuildPhase section */

/* Begin PBXGroup section */
		020DCC4E24BEC1350007A0C8 /* Moya-base */ = {
			isa = PBXGroup;
			children = (
				020DCC4F24BEC5160007A0C8 /* Moya_MyService.swift */,
			);
			path = "Moya-base";
			sourceTree = "<group>";
		};
		021E5619249B3A0800AB89F3 /* SwiftUI-multiView */ = {
			isa = PBXGroup;
			children = (
				021E561A249B3A2100AB89F3 /* SwiftUIView.swift */,
				021E5620249B584500AB89F3 /* SecondSwiftUIView.swift */,
				D604CCE224A89EDE006927DE /* SwiftUIViewModel.swift */,
			);
			path = "SwiftUI-multiView";
			sourceTree = "<group>";
		};
		0226464B25087F5600316B35 /* Rxswift-sketchbook */ = {
			isa = PBXGroup;
			children = (
				0226464C25087F6B00316B35 /* RxSwiftSketchbookViewController.swift */,
				02264650250F4C5200316B35 /* RxSwiftSketchbookViewModel.swift */,
			);
			path = "Rxswift-sketchbook";
			sourceTree = "<group>";
		};
		02525B75264E149400B34983 /* ReactorKit */ = {
			isa = PBXGroup;
			children = (
				02525B76264E15C300B34983 /* ReactorKitCounterViewReactor.swift */,
				02525B78264E1DA800B34983 /* ReactorKitCounterViewController.swift */,
			);
			path = ReactorKit;
			sourceTree = "<group>";
		};
		026FDF4624C9873000F584F4 /* Realm-tutorial */ = {
			isa = PBXGroup;
			children = (
				026FDF4724C9874300F584F4 /* RealmTutorialViewController.swift */,
			);
			path = "Realm-tutorial";
			sourceTree = "<group>";
		};
		027D1D832696C041006A2123 /* FastCampus */ = {
			isa = PBXGroup;
			children = (
				027D1D842696C087006A2123 /* FCLuffyView.swift */,
				02E2EA782696D3BA00FEBAC5 /* FCViewController.swift */,
				D6DF7DEA26A6CE670032CE40 /* FCLuffyTestView.swift */,
			);
			path = FastCampus;
			sourceTree = "<group>";
		};
		028AFB4224AAE6A800661743 /* SwiftUI-tutorial */ = {
			isa = PBXGroup;
			children = (
				028AFB4324AAE6B600661743 /* SwiftUITutorialView.swift */,
				028AFB4824AAF8D700661743 /* CircleImage.swift */,
				028AFB4A24AB070200661743 /* MapView.swift */,
				028AFB4C24AB0C6800661743 /* Landmark.swift */,
				028AFB6924AB0DF200661743 /* LandmarkDetail.swift */,
				028AFB6D24AB123500661743 /* LandmarkRow.swift */,
				028AFB6F24AB14E000661743 /* LandmarkList.swift */,
				028AFB7124AB363700661743 /* UserData.swift */,
			);
			path = "SwiftUI-tutorial";
			sourceTree = "<group>";
		};
		028AFB4524AAF8AD00661743 /* Resources */ = {
			isa = PBXGroup;
			children = (
				02FF186D24C14B02005636E7 /* applelogo.png */,
				D6E07EAB24B1B5D9009B6FBA /* charleyrivers_feature.jpg */,
				D6E07EB724B1B5DA009B6FBA /* charleyrivers.jpg */,
				D6E07EAC24B1B5D9009B6FBA /* chilkoottrail.jpg */,
				D6E07EB224B1B5DA009B6FBA /* chincoteague.jpg */,
				D6E07EAA24B1B5D9009B6FBA /* hiddenlake.jpg */,
				D6E07EAE24B1B5D9009B6FBA /* hikeData.json */,
				D6E07EB324B1B5DA009B6FBA /* icybay.jpg */,
				D6E07EB624B1B5DA009B6FBA /* lakemcdonald.jpg */,
				D6E07EAF24B1B5D9009B6FBA /* landmarkData.json */,
				D6E07EAD24B1B5D9009B6FBA /* rainbowlake.jpg */,
				D6E07EB824B1B5DA009B6FBA /* silversalmoncreek.jpg */,
				D6E07EA924B1B5D9009B6FBA /* stmarylake_feature.jpg */,
				D6E07EB424B1B5DA009B6FBA /* stmarylake.jpg */,
				D6E07EB124B1B5DA009B6FBA /* turtlerock_feature.jpg */,
				D6E07EB024B1B5DA009B6FBA /* turtlerock.jpg */,
				D6E07EB524B1B5DA009B6FBA /* twinlake.jpg */,
				D6E07EB924B1B5DA009B6FBA /* umbagog.jpg */,
			);
			path = Resources;
			sourceTree = "<group>";
		};
		028AFB9024AC680500661743 /* SwiftUI-shape */ = {
			isa = PBXGroup;
			children = (
				028AFB9124AC682600661743 /* Badge.swift */,
				028AFB9324AC68D100661743 /* HexagonParameters.swift */,
				028AFB9524AD675200661743 /* BadgeBackground.swift */,
				028AFB9724AD67B000661743 /* BadgeSymbol.swift */,
				028AFB9924AD85B000661743 /* RotatedBadgeSymbol.swift */,
			);
			path = "SwiftUI-shape";
			sourceTree = "<group>";
		};
		028AFB9B24ADA3DB00661743 /* SwiftUI-animate */ = {
			isa = PBXGroup;
			children = (
				028AFB9C24ADA3E700661743 /* Data.swift */,
				028AFBA424ADA54100661743 /* Hike.swift */,
				028AFBA224ADA47700661743 /* HikeGraph.swift */,
				028AFBA624ADA60B00661743 /* HikeDetail.swift */,
				028AFBA024ADA42300661743 /* HikeView.swift */,
				028AFBA824ADA62900661743 /* GraphCapsule.swift */,
			);
			path = "SwiftUI-animate";
			sourceTree = "<group>";
		};
		028AFBAA24ADB16800661743 /* SwiftUI-complexInterface */ = {
			isa = PBXGroup;
			children = (
				028AFBAB24ADB18700661743 /* Home.swift */,
				028AFBAD24ADB5F500661743 /* CategoryRow.swift */,
			);
			path = "SwiftUI-complexInterface";
			sourceTree = "<group>";
		};
		028AFBAF24ADCBBD00661743 /* SwiftUI-UIControl */ = {
			isa = PBXGroup;
			children = (
				028AFBB024ADCBD000661743 /* ProfileHost.swift */,
				028AFBB224ADCC2100661743 /* Profile.swift */,
				028AFBB424ADCCD500661743 /* ProfileSummary.swift */,
				028AFBB624ADCEBA00661743 /* HikeBadge.swift */,
				028AFBB824ADD19A00661743 /* ProfileEditor.swift */,
			);
			path = "SwiftUI-UIControl";
			sourceTree = "<group>";
		};
		028AFBC024AEBA2700661743 /* Combine */ = {
			isa = PBXGroup;
			children = (
				028AFBC224AEBA2700661743 /* CombineView.swift */,
				028AFBC524AEBBF000661743 /* CombineViewController.swift */,
				028AFBD624AF0B9B00661743 /* CombineTextView.swift */,
			);
			path = Combine;
			sourceTree = "<group>";
		};
		028AFBC724AEBDDA00661743 /* SwiftUI-UIKit */ = {
			isa = PBXGroup;
			children = (
				028AFBC824AEBE2700661743 /* PageViewController.swift */,
				028AFBCA24AEBF2D00661743 /* PageView.swift */,
				028AFBCC24AEC43D00661743 /* FeatureCard.swift */,
				028AFBD424AED51900661743 /* PageControl.swift */,
			);
			path = "SwiftUI-UIKit";
			sourceTree = "<group>";
		};
		028AFBDB24AF1AF300661743 /* RxSwift-github */ = {
			isa = PBXGroup;
			children = (
				028AFBDC24AF1B0300661743 /* Repository.swift */,
				028AFBDE24AF1B3200661743 /* RxGithubViewModel.swift */,
				028AFBE024AF1BA400661743 /* RxGithubViewController.swift */,
			);
			path = "RxSwift-github";
			sourceTree = "<group>";
		};
		028C0F252615BB6E00FF8BC9 /* KingFIsher */ = {
			isa = PBXGroup;
			children = (
				028C0F262615BB8000FF8BC9 /* KingFisherViewController.swift */,
			);
			path = KingFIsher;
			sourceTree = "<group>";
		};
		028C1002261AFC1700FF8BC9 /* DaumMap */ = {
			isa = PBXGroup;
			children = (
				028C1003261AFC2C00FF8BC9 /* DaumMapViewController.swift */,
			);
			path = DaumMap;
			sourceTree = "<group>";
		};
		02A31E5124B4648400D32B41 /* RxSwift-city */ = {
			isa = PBXGroup;
			children = (
				02A31E5224B4649C00D32B41 /* RxCityViewController.swift */,
			);
			path = "RxSwift-city";
			sourceTree = "<group>";
		};
		02A31E5424B573A700D32B41 /* RxSwift-Chameleon */ = {
			isa = PBXGroup;
			children = (
				02A31E5524B573BB00D32B41 /* RxChameleonViewController.swift */,
				02A31E5724B59F4300D32B41 /* CircleViewModel.swift */,
			);
			path = "RxSwift-Chameleon";
			sourceTree = "<group>";
		};
		02A31E5924B5AC4C00D32B41 /* RxSwift-IssueTracker */ = {
			isa = PBXGroup;
			children = (
				02A31E5A24B5AC6000D32B41 /* IssueListViewController.swift */,
				02A31E5C24B5AD8900D32B41 /* Issue_Github.swift */,
				02A31E5E24B5BF2200D32B41 /* Issue_Repository.swift */,
				02A31E6024B5BF8700D32B41 /* Issue_Issue.swift */,
				02A31E6224B5C21C00D32B41 /* Issue_IssueTrackerModel.swift */,
			);
			path = "RxSwift-IssueTracker";
			sourceTree = "<group>";
		};
		02D6F32924D7D7DD001BA1E9 /* RxAlamoFire-github */ = {
			isa = PBXGroup;
			children = (
				02D6F32A24D7D844001BA1E9 /* RxAlamoFireGithubViewController.swift */,
			);
			path = "RxAlamoFire-github";
			sourceTree = "<group>";
		};
		02D6F33024DAAA5F001BA1E9 /* Realm-menu */ = {
			isa = PBXGroup;
			children = (
				BB5A800E1E96065600000670 /* Realm */,
				026FDF4624C9873000F584F4 /* Realm-tutorial */,
				D6A6D49624DD10EE00E39419 /* RealmMenuViewController.swift */,
			);
			path = "Realm-menu";
			sourceTree = "<group>";
		};
		02D6F33124DAAB0D001BA1E9 /* RxSwift */ = {
			isa = PBXGroup;
			children = (
				0226464B25087F5600316B35 /* Rxswift-sketchbook */,
				02A31E5424B573A700D32B41 /* RxSwift-Chameleon */,
				02A31E5124B4648400D32B41 /* RxSwift-city */,
				028AFBDB24AF1AF300661743 /* RxSwift-github */,
				02A31E5924B5AC4C00D32B41 /* RxSwift-IssueTracker */,
				0260AE0C24F6257C00125671 /* RxSwiftViewController.swift */,
			);
			path = RxSwift;
			sourceTree = "<group>";
		};
		02D6F33224DAAB23001BA1E9 /* SwiftUI */ = {
			isa = PBXGroup;
			children = (
				028AFB9B24ADA3DB00661743 /* SwiftUI-animate */,
				02FF187624C16DBB005636E7 /* SwiftUI-Animation */,
				D604CCE124A86D82006927DE /* SwiftUI-combine */,
				028AFBAA24ADB16800661743 /* SwiftUI-complexInterface */,
				02FF186F24C14E52005636E7 /* SwiftUI-JSONparse */,
				02FF186A24C1426E005636E7 /* SwiftUI-LocalPush */,
				021E5619249B3A0800AB89F3 /* SwiftUI-multiView */,
				02FF187924C16F59005636E7 /* SwiftUI-ObervableObject */,
				028AFB9024AC680500661743 /* SwiftUI-shape */,
				02FF187224C167C2005636E7 /* SwiftUI-spacer */,
				028AFB4224AAE6A800661743 /* SwiftUI-tutorial */,
				028AFBAF24ADCBBD00661743 /* SwiftUI-UIControl */,
				028AFBC724AEBDDA00661743 /* SwiftUI-UIKit */,
			);
			path = SwiftUI;
			sourceTree = "<group>";
		};
		02FF186524C13C64005636E7 /* RxAlamofire */ = {
			isa = PBXGroup;
			children = (
				02FF186624C13C80005636E7 /* RxAlamofireView.swift */,
				02FF186824C13F21005636E7 /* RxAlamofireViewModel.swift */,
			);
			path = RxAlamofire;
			sourceTree = "<group>";
		};
		02FF186A24C1426E005636E7 /* SwiftUI-LocalPush */ = {
			isa = PBXGroup;
			children = (
				02FF186B24C14298005636E7 /* SwiftUILocalPushView.swift */,
			);
			path = "SwiftUI-LocalPush";
			sourceTree = "<group>";
		};
		02FF186F24C14E52005636E7 /* SwiftUI-JSONparse */ = {
			isa = PBXGroup;
			children = (
				02FF187024C14E67005636E7 /* SwiftUIJSONParseView.swift */,
			);
			path = "SwiftUI-JSONparse";
			sourceTree = "<group>";
		};
		02FF187224C167C2005636E7 /* SwiftUI-spacer */ = {
			isa = PBXGroup;
			children = (
				02FF187324C167DA005636E7 /* SwiftUISpacerView.swift */,
			);
			path = "SwiftUI-spacer";
			sourceTree = "<group>";
		};
		02FF187624C16DBB005636E7 /* SwiftUI-Animation */ = {
			isa = PBXGroup;
			children = (
				02FF187724C16DD7005636E7 /* SwiftUIAnimationView.swift */,
			);
			path = "SwiftUI-Animation";
			sourceTree = "<group>";
		};
		02FF187924C16F59005636E7 /* SwiftUI-ObervableObject */ = {
			isa = PBXGroup;
			children = (
				02FF187A24C16F84005636E7 /* OO_Stopwatch.swift */,
				02FF187C24C170C0005636E7 /* SwiftUIObservableObjectView.swift */,
			);
			path = "SwiftUI-ObervableObject";
			sourceTree = "<group>";
		};
		0D9D7C10B86EBCBD4B73DC1A /* Frameworks */ = {
			isa = PBXGroup;
			children = (
				D6DF7DE326981C390032CE40 /* Metal.framework */,
				028C0FFA261AF77200FF8BC9 /* libsqlite3.tbd */,
				028C0FF5261AF76C00FF8BC9 /* libxml2.tbd */,
				028C0FF0261AF75D00FF8BC9 /* libc++.tbd */,
				028C0FEE261AF75500FF8BC9 /* QuartzCore.framework */,
				028C0FEC261AF74F00FF8BC9 /* CoreLocation.framework */,
				028C0FEA261AF74900FF8BC9 /* SystemConfiguration.framework */,
				028C0FE8261AF73D00FF8BC9 /* OpenGLES.framework */,
				D6AEE15C25271BEE00C3E840 /* RxRealm.framework */,
				28847CFAAFC56BDA9312A9A8 /* Pods_SwiftStudy.framework */,
			);
			name = Frameworks;
			sourceTree = "<group>";
		};
		901FF3B226E06320004E96EA /* UIKIt */ = {
			isa = PBXGroup;
			children = (
				901FF3B326E06328004E96EA /* UIPopupRound */,
				901FF3B426E06340004E96EA /* UIKitViewController.swift */,
			);
			path = UIKIt;
			sourceTree = "<group>";
		};
		901FF3B326E06328004E96EA /* UIPopupRound */ = {
			isa = PBXGroup;
			children = (
				901FF3B626E0634C004E96EA /* UIPopupRoundViewController.swift */,
			);
			path = UIPopupRound;
			sourceTree = "<group>";
		};
		B6EEC42565C84E54685299FA /* Pods */ = {
			isa = PBXGroup;
			children = (
				F651846779BC6987319F3F36 /* Pods-SwiftStudy.debug.xcconfig */,
				90ACBE8F56558788A071F57E /* Pods-SwiftStudy.release.xcconfig */,
			);
			path = Pods;
			sourceTree = "<group>";
		};
		BB3CB1FE1F0B9AB70072178C /* Drawing */ = {
			isa = PBXGroup;
			children = (
				BB3CB1FF1F0B9ACF0072178C /* DrawingViewController.swift */,
			);
			name = Drawing;
			sourceTree = "<group>";
		};
		BB5A800E1E96065600000670 /* Realm */ = {
			isa = PBXGroup;
			children = (
				BB5A800C1E96065100000670 /* RealmViewController.swift */,
				BB2C3A5F1F136E2100DBF206 /* RealmNumber.swift */,
			);
			name = Realm;
			path = ..;
			sourceTree = "<group>";
		};
		BB9F4CE71F0DDCA100650829 /* Category */ = {
			isa = PBXGroup;
			children = (
				BB9F4CE81F0DDCC400650829 /* CategoryViewController.swift */,
				BB9F4CEA1F0DDD4200650829 /* UIView.swift */,
			);
			name = Category;
			sourceTree = "<group>";
		};
		BBD637EE1EB0AB39002CF131 /* IBDesignable */ = {
			isa = PBXGroup;
			children = (
				BBD637EF1EB0AB60002CF131 /* IBDesignableViewController.swift */,
				BBD637F11EB0ACA4002CF131 /* CustomRectView.swift */,
			);
			name = IBDesignable;
			sourceTree = "<group>";
		};
		D604CCE124A86D82006927DE /* SwiftUI-combine */ = {
			isa = PBXGroup;
			children = (
				028AFB3A24AAC5B300661743 /* SwiftUICombineView.swift */,
				028AFB3C24AACC3900661743 /* SwiftUICombineViewModel.swift */,
			);
			name = "SwiftUI-combine";
			path = "SwiftStudy/SwiftUI-combine";
			sourceTree = SOURCE_ROOT;
		};
		D616938824B1D652009F2EB1 /* Local-push */ = {
			isa = PBXGroup;
			children = (
				D616938924B1D670009F2EB1 /* LocalPushViewController.swift */,
			);
			path = "Local-push";
			sourceTree = "<group>";
		};
		D6663DBA1E7EB73300531889 /* Gugudan */ = {
			isa = PBXGroup;
			children = (
				D6663DBB1E7EB74900531889 /* GugudanViewController.swift */,
			);
			name = Gugudan;
			sourceTree = "<group>";
		};
		D666F16324FB523800357FF2 /* Camera */ = {
			isa = PBXGroup;
			children = (
				D666F16424FB525600357FF2 /* CameraViewController.swift */,
			);
			path = Camera;
			sourceTree = "<group>";
		};
		D6A6D49324D691F200E39419 /* RxMoya-Github */ = {
			isa = PBXGroup;
			children = (
				D6A6D49424D6921900E39419 /* RxMoyaGithubViewController.swift */,
			);
			path = "RxMoya-Github";
			sourceTree = "<group>";
		};
		D6C62F421E797D5E007D497A = {
			isa = PBXGroup;
			children = (
				D6C62F4D1E797D5E007D497A /* SwiftStudy */,
				D6C62F621E797D5E007D497A /* SwiftStudyTests */,
				D6C62F6D1E797D5E007D497A /* SwiftStudyUITests */,
				D6C62F4C1E797D5E007D497A /* Products */,
				B6EEC42565C84E54685299FA /* Pods */,
				0D9D7C10B86EBCBD4B73DC1A /* Frameworks */,
			);
			sourceTree = "<group>";
		};
		D6C62F4C1E797D5E007D497A /* Products */ = {
			isa = PBXGroup;
			children = (
				D6C62F4B1E797D5E007D497A /* SwiftStudy.app */,
				D6C62F5F1E797D5E007D497A /* SwiftStudyTests.xctest */,
				D6C62F6A1E797D5E007D497A /* SwiftStudyUITests.xctest */,
			);
			name = Products;
			sourceTree = "<group>";
		};
		D6C62F4D1E797D5E007D497A /* SwiftStudy */ = {
			isa = PBXGroup;
			children = (
				901FF3B226E06320004E96EA /* UIKIt */,
				027D1D832696C041006A2123 /* FastCampus */,
				02525B75264E149400B34983 /* ReactorKit */,
				028C1002261AFC1700FF8BC9 /* DaumMap */,
				028C0FE6261AF70C00FF8BC9 /* DaumMap.framework */,
				028C0F252615BB6E00FF8BC9 /* KingFIsher */,
				D666F16324FB523800357FF2 /* Camera */,
				D6C62F4E1E797D5E007D497A /* AppDelegate.swift */,
				D6C62F551E797D5E007D497A /* Assets.xcassets */,
				BB9F4CE71F0DDCA100650829 /* Category */,
				028AFBC024AEBA2700661743 /* Combine */,
				BB3CB1FE1F0B9AB70072178C /* Drawing */,
				D6663DBA1E7EB73300531889 /* Gugudan */,
				BBD637EE1EB0AB39002CF131 /* IBDesignable */,
				D6C62F5A1E797D5E007D497A /* Info.plist */,
				D6C62F571E797D5E007D497A /* LaunchScreen.storyboard */,
				D616938824B1D652009F2EB1 /* Local-push */,
				D6C62F521E797D5E007D497A /* Main.storyboard */,
				020DCC4E24BEC1350007A0C8 /* Moya-base */,
				D6021C1F24D56CCA00D23DB9 /* Playground */,
				02D6F33024DAAA5F001BA1E9 /* Realm-menu */,
				028AFB4524AAF8AD00661743 /* Resources */,
				02FF186524C13C64005636E7 /* RxAlamofire */,
				02D6F32924D7D7DD001BA1E9 /* RxAlamoFire-github */,
				D6A6D49324D691F200E39419 /* RxMoya-Github */,
				02D6F33124DAAB0D001BA1E9 /* RxSwift */,
				BBEAA0C71EFCAFEB00D3E06F /* SwiftStudy-Bridging-Header.h */,
				02D6F33224DAAB23001BA1E9 /* SwiftUI */,
				D6C62F501E797D5E007D497A /* ViewController.swift */,
			);
			path = SwiftStudy;
			sourceTree = "<group>";
		};
		D6C62F621E797D5E007D497A /* SwiftStudyTests */ = {
			isa = PBXGroup;
			children = (
				D6C62F631E797D5E007D497A /* SwiftStudyTests.swift */,
				D6C62F651E797D5E007D497A /* Info.plist */,
			);
			path = SwiftStudyTests;
			sourceTree = "<group>";
		};
		D6C62F6D1E797D5E007D497A /* SwiftStudyUITests */ = {
			isa = PBXGroup;
			children = (
				D6C62F6E1E797D5E007D497A /* SwiftStudyUITests.swift */,
				D6C62F701E797D5E007D497A /* Info.plist */,
			);
			path = SwiftStudyUITests;
			sourceTree = "<group>";
		};
/* End PBXGroup section */

/* Begin PBXNativeTarget section */
		D6C62F4A1E797D5E007D497A /* SwiftStudy */ = {
			isa = PBXNativeTarget;
			buildConfigurationList = D6C62F731E797D5E007D497A /* Build configuration list for PBXNativeTarget "SwiftStudy" */;
			buildPhases = (
				23A3719D2812F7EF33A2CE9D /* [CP] Check Pods Manifest.lock */,
				D6C62F471E797D5E007D497A /* Sources */,
				D6C62F481E797D5E007D497A /* Frameworks */,
				D6C62F491E797D5E007D497A /* Resources */,
				02FF187524C16C6F005636E7 /* SwiftLint */,
				026C146D251C6EA1005CDCDC /* Fix cocoapods 8.0 bug. */,
				6C63FC6615672A9EE39E4521 /* [CP] Embed Pods Frameworks */,
			);
			buildRules = (
			);
			dependencies = (
			);
			name = SwiftStudy;
			productName = SwiftStudy;
			productReference = D6C62F4B1E797D5E007D497A /* SwiftStudy.app */;
			productType = "com.apple.product-type.application";
		};
		D6C62F5E1E797D5E007D497A /* SwiftStudyTests */ = {
			isa = PBXNativeTarget;
			buildConfigurationList = D6C62F761E797D5E007D497A /* Build configuration list for PBXNativeTarget "SwiftStudyTests" */;
			buildPhases = (
				D6C62F5B1E797D5E007D497A /* Sources */,
				D6C62F5C1E797D5E007D497A /* Frameworks */,
				D6C62F5D1E797D5E007D497A /* Resources */,
			);
			buildRules = (
			);
			dependencies = (
				D6C62F611E797D5E007D497A /* PBXTargetDependency */,
			);
			name = SwiftStudyTests;
			productName = SwiftStudyTests;
			productReference = D6C62F5F1E797D5E007D497A /* SwiftStudyTests.xctest */;
			productType = "com.apple.product-type.bundle.unit-test";
		};
		D6C62F691E797D5E007D497A /* SwiftStudyUITests */ = {
			isa = PBXNativeTarget;
			buildConfigurationList = D6C62F791E797D5E007D497A /* Build configuration list for PBXNativeTarget "SwiftStudyUITests" */;
			buildPhases = (
				D6C62F661E797D5E007D497A /* Sources */,
				D6C62F671E797D5E007D497A /* Frameworks */,
				D6C62F681E797D5E007D497A /* Resources */,
			);
			buildRules = (
			);
			dependencies = (
				D6C62F6C1E797D5E007D497A /* PBXTargetDependency */,
			);
			name = SwiftStudyUITests;
			productName = SwiftStudyUITests;
			productReference = D6C62F6A1E797D5E007D497A /* SwiftStudyUITests.xctest */;
			productType = "com.apple.product-type.bundle.ui-testing";
		};
/* End PBXNativeTarget section */

/* Begin PBXProject section */
		D6C62F431E797D5E007D497A /* Project object */ = {
			isa = PBXProject;
			attributes = {
				LastSwiftUpdateCheck = 0820;
				LastUpgradeCheck = 0820;
				ORGANIZATIONNAME = "Jell PD";
				TargetAttributes = {
					D6C62F4A1E797D5E007D497A = {
						CreatedOnToolsVersion = 8.2.1;
						DevelopmentTeam = 7R3TQXEXN8;
						LastSwiftMigration = 0830;
						ProvisioningStyle = Automatic;
					};
					D6C62F5E1E797D5E007D497A = {
						CreatedOnToolsVersion = 8.2.1;
						DevelopmentTeam = 7R3TQXEXN8;
						ProvisioningStyle = Automatic;
						TestTargetID = D6C62F4A1E797D5E007D497A;
					};
					D6C62F691E797D5E007D497A = {
						CreatedOnToolsVersion = 8.2.1;
						DevelopmentTeam = 7R3TQXEXN8;
						ProvisioningStyle = Automatic;
						TestTargetID = D6C62F4A1E797D5E007D497A;
					};
				};
			};
			buildConfigurationList = D6C62F461E797D5E007D497A /* Build configuration list for PBXProject "SwiftStudy" */;
			compatibilityVersion = "Xcode 3.2";
			developmentRegion = English;
			hasScannedForEncodings = 0;
			knownRegions = (
				English,
				en,
				Base,
			);
			mainGroup = D6C62F421E797D5E007D497A;
			productRefGroup = D6C62F4C1E797D5E007D497A /* Products */;
			projectDirPath = "";
			projectRoot = "";
			targets = (
				D6C62F4A1E797D5E007D497A /* SwiftStudy */,
				D6C62F5E1E797D5E007D497A /* SwiftStudyTests */,
				D6C62F691E797D5E007D497A /* SwiftStudyUITests */,
			);
		};
/* End PBXProject section */

/* Begin PBXResourcesBuildPhase section */
		D6C62F491E797D5E007D497A /* Resources */ = {
			isa = PBXResourcesBuildPhase;
			buildActionMask = 2147483647;
			files = (
				D6E07EBC24B1B5DA009B6FBA /* charleyrivers_feature.jpg in Resources */,
				D6E07EC924B1B5DA009B6FBA /* silversalmoncreek.jpg in Resources */,
				D6E07EC124B1B5DA009B6FBA /* turtlerock.jpg in Resources */,
				D6C62F591E797D5E007D497A /* LaunchScreen.storyboard in Resources */,
				D6E07ECA24B1B5DA009B6FBA /* umbagog.jpg in Resources */,
				D6E07EC824B1B5DA009B6FBA /* charleyrivers.jpg in Resources */,
				D6E07EBD24B1B5DA009B6FBA /* chilkoottrail.jpg in Resources */,
				D6E07EC024B1B5DA009B6FBA /* landmarkData.json in Resources */,
				D6E07EC324B1B5DA009B6FBA /* chincoteague.jpg in Resources */,
				D6E07EC524B1B5DA009B6FBA /* stmarylake.jpg in Resources */,
				D6E07EBA24B1B5DA009B6FBA /* stmarylake_feature.jpg in Resources */,
				D6E07EBF24B1B5DA009B6FBA /* hikeData.json in Resources */,
				D6C62F561E797D5E007D497A /* Assets.xcassets in Resources */,
				D6E07EC624B1B5DA009B6FBA /* twinlake.jpg in Resources */,
				D6E07EBE24B1B5DA009B6FBA /* rainbowlake.jpg in Resources */,
				D6E07EBB24B1B5DA009B6FBA /* hiddenlake.jpg in Resources */,
				D6C62F541E797D5E007D497A /* Main.storyboard in Resources */,
				D6E07EC724B1B5DA009B6FBA /* lakemcdonald.jpg in Resources */,
				D6E07EC424B1B5DA009B6FBA /* icybay.jpg in Resources */,
				02FF186E24C14B03005636E7 /* applelogo.png in Resources */,
				D6E07EC224B1B5DA009B6FBA /* turtlerock_feature.jpg in Resources */,
				D6021C2024D56CCA00D23DB9 /* Playground in Resources */,
			);
			runOnlyForDeploymentPostprocessing = 0;
		};
		D6C62F5D1E797D5E007D497A /* Resources */ = {
			isa = PBXResourcesBuildPhase;
			buildActionMask = 2147483647;
			files = (
			);
			runOnlyForDeploymentPostprocessing = 0;
		};
		D6C62F681E797D5E007D497A /* Resources */ = {
			isa = PBXResourcesBuildPhase;
			buildActionMask = 2147483647;
			files = (
			);
			runOnlyForDeploymentPostprocessing = 0;
		};
/* End PBXResourcesBuildPhase section */

/* Begin PBXShellScriptBuildPhase section */
		026C146D251C6EA1005CDCDC /* Fix cocoapods 8.0 bug. */ = {
			isa = PBXShellScriptBuildPhase;
			buildActionMask = 2147483647;
			files = (
			);
			inputFileListPaths = (
			);
			inputPaths = (
			);
			name = "Fix cocoapods 8.0 bug.";
			outputFileListPaths = (
			);
			outputPaths = (
			);
			runOnlyForDeploymentPostprocessing = 0;
			shellPath = /bin/sh;
			shellScript = "# Type a script or drag a script file from your workspace to insert its path.\n#post_install do |pi|\n#   t = pi.pods_project.targets.find { |t| t.name == 'MyPod' }\n#   t.build_configurations.each do |bc|\n#     bc.build_settings['IPHONEOS_DEPLOYMENT_TARGET'] = '9.0'\n#   end\n#end\n";
		};
		02FF187524C16C6F005636E7 /* SwiftLint */ = {
			isa = PBXShellScriptBuildPhase;
			buildActionMask = 2147483647;
			files = (
			);
			inputFileListPaths = (
			);
			inputPaths = (
			);
			name = SwiftLint;
			outputFileListPaths = (
			);
			outputPaths = (
			);
			runOnlyForDeploymentPostprocessing = 0;
			shellPath = /bin/sh;
			shellScript = "# Type a script or drag a script file from your workspace to insert its path.\n# \"${PODS_ROOT}/SwiftLint/swiftlint\"\n";
		};
		23A3719D2812F7EF33A2CE9D /* [CP] Check Pods Manifest.lock */ = {
			isa = PBXShellScriptBuildPhase;
			buildActionMask = 2147483647;
			files = (
			);
			inputFileListPaths = (
			);
			inputPaths = (
				"${PODS_PODFILE_DIR_PATH}/Podfile.lock",
				"${PODS_ROOT}/Manifest.lock",
			);
			name = "[CP] Check Pods Manifest.lock";
			outputFileListPaths = (
			);
			outputPaths = (
				"$(DERIVED_FILE_DIR)/Pods-SwiftStudy-checkManifestLockResult.txt",
			);
			runOnlyForDeploymentPostprocessing = 0;
			shellPath = /bin/sh;
			shellScript = "diff \"${PODS_PODFILE_DIR_PATH}/Podfile.lock\" \"${PODS_ROOT}/Manifest.lock\" > /dev/null\nif [ $? != 0 ] ; then\n    # print error to STDERR\n    echo \"error: The sandbox is not in sync with the Podfile.lock. Run 'pod install' or update your CocoaPods installation.\" >&2\n    exit 1\nfi\n# This output is used by Xcode 'outputs' to avoid re-running this script phase.\necho \"SUCCESS\" > \"${SCRIPT_OUTPUT_FILE_0}\"\n";
			showEnvVarsInLog = 0;
		};
		6C63FC6615672A9EE39E4521 /* [CP] Embed Pods Frameworks */ = {
			isa = PBXShellScriptBuildPhase;
			buildActionMask = 2147483647;
			files = (
			);
			inputPaths = (
				"${PODS_ROOT}/Target Support Files/Pods-SwiftStudy/Pods-SwiftStudy-frameworks.sh",
				"${BUILT_PRODUCTS_DIR}/Alamofire/Alamofire.framework",
				"${BUILT_PRODUCTS_DIR}/ChameleonFramework/ChameleonFramework.framework",
				"${BUILT_PRODUCTS_DIR}/Hero/Hero.framework",
				"${BUILT_PRODUCTS_DIR}/Kingfisher/Kingfisher.framework",
				"${BUILT_PRODUCTS_DIR}/ModelMapper/Mapper.framework",
				"${BUILT_PRODUCTS_DIR}/Moya/Moya.framework",
				"${BUILT_PRODUCTS_DIR}/Moya-ModelMapper/Moya_ModelMapper.framework",
				"${BUILT_PRODUCTS_DIR}/R.swift.Library/Rswift.framework",
				"${BUILT_PRODUCTS_DIR}/ReactorKit/ReactorKit.framework",
				"${BUILT_PRODUCTS_DIR}/Realm/Realm.framework",
				"${BUILT_PRODUCTS_DIR}/RealmSwift/RealmSwift.framework",
				"${BUILT_PRODUCTS_DIR}/RxAlamofire/RxAlamofire.framework",
				"${BUILT_PRODUCTS_DIR}/RxCocoa/RxCocoa.framework",
				"${BUILT_PRODUCTS_DIR}/RxOptional/RxOptional.framework",
				"${BUILT_PRODUCTS_DIR}/RxRealm/RxRealm.framework",
				"${BUILT_PRODUCTS_DIR}/RxRealmDataSources/RxRealmDataSources.framework",
				"${BUILT_PRODUCTS_DIR}/RxRelay/RxRelay.framework",
				"${BUILT_PRODUCTS_DIR}/RxSwift/RxSwift.framework",
				"${BUILT_PRODUCTS_DIR}/SnapKit/SnapKit.framework",
				"${BUILT_PRODUCTS_DIR}/WeakMapTable/WeakMapTable.framework",
				"${BUILT_PRODUCTS_DIR}/lottie-ios/Lottie.framework",
			);
			name = "[CP] Embed Pods Frameworks";
			outputPaths = (
				"${TARGET_BUILD_DIR}/${FRAMEWORKS_FOLDER_PATH}/Alamofire.framework",
				"${TARGET_BUILD_DIR}/${FRAMEWORKS_FOLDER_PATH}/ChameleonFramework.framework",
				"${TARGET_BUILD_DIR}/${FRAMEWORKS_FOLDER_PATH}/Hero.framework",
				"${TARGET_BUILD_DIR}/${FRAMEWORKS_FOLDER_PATH}/Kingfisher.framework",
				"${TARGET_BUILD_DIR}/${FRAMEWORKS_FOLDER_PATH}/Mapper.framework",
				"${TARGET_BUILD_DIR}/${FRAMEWORKS_FOLDER_PATH}/Moya.framework",
				"${TARGET_BUILD_DIR}/${FRAMEWORKS_FOLDER_PATH}/Moya_ModelMapper.framework",
				"${TARGET_BUILD_DIR}/${FRAMEWORKS_FOLDER_PATH}/Rswift.framework",
				"${TARGET_BUILD_DIR}/${FRAMEWORKS_FOLDER_PATH}/ReactorKit.framework",
				"${TARGET_BUILD_DIR}/${FRAMEWORKS_FOLDER_PATH}/Realm.framework",
				"${TARGET_BUILD_DIR}/${FRAMEWORKS_FOLDER_PATH}/RealmSwift.framework",
				"${TARGET_BUILD_DIR}/${FRAMEWORKS_FOLDER_PATH}/RxAlamofire.framework",
				"${TARGET_BUILD_DIR}/${FRAMEWORKS_FOLDER_PATH}/RxCocoa.framework",
				"${TARGET_BUILD_DIR}/${FRAMEWORKS_FOLDER_PATH}/RxOptional.framework",
				"${TARGET_BUILD_DIR}/${FRAMEWORKS_FOLDER_PATH}/RxRealm.framework",
				"${TARGET_BUILD_DIR}/${FRAMEWORKS_FOLDER_PATH}/RxRealmDataSources.framework",
				"${TARGET_BUILD_DIR}/${FRAMEWORKS_FOLDER_PATH}/RxRelay.framework",
				"${TARGET_BUILD_DIR}/${FRAMEWORKS_FOLDER_PATH}/RxSwift.framework",
				"${TARGET_BUILD_DIR}/${FRAMEWORKS_FOLDER_PATH}/SnapKit.framework",
				"${TARGET_BUILD_DIR}/${FRAMEWORKS_FOLDER_PATH}/WeakMapTable.framework",
				"${TARGET_BUILD_DIR}/${FRAMEWORKS_FOLDER_PATH}/Lottie.framework",
			);
			runOnlyForDeploymentPostprocessing = 0;
			shellPath = /bin/sh;
			shellScript = "\"${PODS_ROOT}/Target Support Files/Pods-SwiftStudy/Pods-SwiftStudy-frameworks.sh\"\n";
			showEnvVarsInLog = 0;
		};
/* End PBXShellScriptBuildPhase section */

/* Begin PBXSourcesBuildPhase section */
		D6C62F471E797D5E007D497A /* Sources */ = {
			isa = PBXSourcesBuildPhase;
			buildActionMask = 2147483647;
			files = (
				028AFB9A24AD85B000661743 /* RotatedBadgeSymbol.swift in Sources */,
				028AFBB924ADD19A00661743 /* ProfileEditor.swift in Sources */,
				028AFBCD24AEC43D00661743 /* FeatureCard.swift in Sources */,
				02FF187124C14E67005636E7 /* SwiftUIJSONParseView.swift in Sources */,
				026FDF4824C9874300F584F4 /* RealmTutorialViewController.swift in Sources */,
				02FF186724C13C80005636E7 /* RxAlamofireView.swift in Sources */,
				028AFB9D24ADA3E700661743 /* Data.swift in Sources */,
				028AFBE124AF1BA400661743 /* RxGithubViewController.swift in Sources */,
				02A31E5824B59F4300D32B41 /* CircleViewModel.swift in Sources */,
				021E5621249B584500AB89F3 /* SecondSwiftUIView.swift in Sources */,
				BB5A800D1E96065100000670 /* RealmViewController.swift in Sources */,
				02A31E6324B5C21C00D32B41 /* Issue_IssueTrackerModel.swift in Sources */,
				021E561B249B3A2100AB89F3 /* SwiftUIView.swift in Sources */,
				028AFB4D24AB0C6800661743 /* Landmark.swift in Sources */,
				028AFBA524ADA54100661743 /* Hike.swift in Sources */,
				BBD637F01EB0AB60002CF131 /* IBDesignableViewController.swift in Sources */,
				D6C62F511E797D5E007D497A /* ViewController.swift in Sources */,
				028AFBC624AEBBF000661743 /* CombineViewController.swift in Sources */,
				BB3CB2001F0B9ACF0072178C /* DrawingViewController.swift in Sources */,
				028AFB6E24AB123500661743 /* LandmarkRow.swift in Sources */,
				028AFBDD24AF1B0300661743 /* Repository.swift in Sources */,
				BB9F4CE91F0DDCC400650829 /* CategoryViewController.swift in Sources */,
				028AFB6A24AB0DF200661743 /* LandmarkDetail.swift in Sources */,
				02FF187424C167DA005636E7 /* SwiftUISpacerView.swift in Sources */,
				D666F16524FB525600357FF2 /* CameraViewController.swift in Sources */,
				028C1004261AFC2C00FF8BC9 /* DaumMapViewController.swift in Sources */,
				02FF187B24C16F84005636E7 /* OO_Stopwatch.swift in Sources */,
				028AFB4B24AB070200661743 /* MapView.swift in Sources */,
				02D6F32B24D7D844001BA1E9 /* RxAlamoFireGithubViewController.swift in Sources */,
				02264651250F4C5200316B35 /* RxSwiftSketchbookViewModel.swift in Sources */,
				D6C62F4F1E797D5E007D497A /* AppDelegate.swift in Sources */,
				D6663DBC1E7EB74900531889 /* GugudanViewController.swift in Sources */,
				BB9F4CEB1F0DDD4200650829 /* UIView.swift in Sources */,
				028AFBA124ADA42300661743 /* HikeView.swift in Sources */,
				02FF186C24C14298005636E7 /* SwiftUILocalPushView.swift in Sources */,
				028AFBDF24AF1B3200661743 /* RxGithubViewModel.swift in Sources */,
				D604CCE324A89EDE006927DE /* SwiftUIViewModel.swift in Sources */,
				028AFBA924ADA62900661743 /* GraphCapsule.swift in Sources */,
				BB2C3A601F136E2100DBF206 /* RealmNumber.swift in Sources */,
				D6DF7DEB26A6CE670032CE40 /* FCLuffyTestView.swift in Sources */,
				02A31E5624B573BB00D32B41 /* RxChameleonViewController.swift in Sources */,
				D6A6D49524D6921900E39419 /* RxMoyaGithubViewController.swift in Sources */,
				028AFB7224AB363700661743 /* UserData.swift in Sources */,
				02E2EA792696D3BA00FEBAC5 /* FCViewController.swift in Sources */,
				027D1D852696C087006A2123 /* FCLuffyView.swift in Sources */,
				02FF186924C13F21005636E7 /* RxAlamofireViewModel.swift in Sources */,
				028C0F272615BB8000FF8BC9 /* KingFisherViewController.swift in Sources */,
				901FF3B526E06340004E96EA /* UIKitViewController.swift in Sources */,
				02A31E5B24B5AC6000D32B41 /* IssueListViewController.swift in Sources */,
				028AFBCB24AEBF2D00661743 /* PageView.swift in Sources */,
				028AFBC424AEBA2700661743 /* CombineView.swift in Sources */,
				02A31E5F24B5BF2200D32B41 /* Issue_Repository.swift in Sources */,
				02525B77264E15C300B34983 /* ReactorKitCounterViewReactor.swift in Sources */,
				028AFBD724AF0B9B00661743 /* CombineTextView.swift in Sources */,
				028AFBD524AED51900661743 /* PageControl.swift in Sources */,
				028AFB4924AAF8D700661743 /* CircleImage.swift in Sources */,
				028AFB9824AD67B000661743 /* BadgeSymbol.swift in Sources */,
				028AFBB124ADCBD000661743 /* ProfileHost.swift in Sources */,
				02A31E6124B5BF8700D32B41 /* Issue_Issue.swift in Sources */,
				028AFB9224AC682600661743 /* Badge.swift in Sources */,
				901FF3B726E0634C004E96EA /* UIPopupRoundViewController.swift in Sources */,
				028AFBAC24ADB18700661743 /* Home.swift in Sources */,
				02A31E5324B4649C00D32B41 /* RxCityViewController.swift in Sources */,
				028AFB9624AD675200661743 /* BadgeBackground.swift in Sources */,
				02FF187D24C170C0005636E7 /* SwiftUIObservableObjectView.swift in Sources */,
				028AFBB724ADCEBA00661743 /* HikeBadge.swift in Sources */,
				028AFB9424AC68D100661743 /* HexagonParameters.swift in Sources */,
				028AFBC924AEBE2700661743 /* PageViewController.swift in Sources */,
				020DCC5024BEC5160007A0C8 /* Moya_MyService.swift in Sources */,
				028AFB7024AB14E000661743 /* LandmarkList.swift in Sources */,
				028AFBA724ADA60B00661743 /* HikeDetail.swift in Sources */,
				028AFBA324ADA47700661743 /* HikeGraph.swift in Sources */,
				D6A6D49724DD10EE00E39419 /* RealmMenuViewController.swift in Sources */,
				028AFB4424AAE6B600661743 /* SwiftUITutorialView.swift in Sources */,
				02A31E5D24B5AD8900D32B41 /* Issue_Github.swift in Sources */,
				028AFBB324ADCC2100661743 /* Profile.swift in Sources */,
				028AFBAE24ADB5F500661743 /* CategoryRow.swift in Sources */,
				BBD637F21EB0ACA4002CF131 /* CustomRectView.swift in Sources */,
				0226464D25087F6B00316B35 /* RxSwiftSketchbookViewController.swift in Sources */,
				0260AE0D24F6257D00125671 /* RxSwiftViewController.swift in Sources */,
				D616938A24B1D670009F2EB1 /* LocalPushViewController.swift in Sources */,
				02FF187824C16DD7005636E7 /* SwiftUIAnimationView.swift in Sources */,
				02525B79264E1DA800B34983 /* ReactorKitCounterViewController.swift in Sources */,
				028AFBB524ADCCD500661743 /* ProfileSummary.swift in Sources */,
			);
			runOnlyForDeploymentPostprocessing = 0;
		};
		D6C62F5B1E797D5E007D497A /* Sources */ = {
			isa = PBXSourcesBuildPhase;
			buildActionMask = 2147483647;
			files = (
				D6C62F641E797D5E007D497A /* SwiftStudyTests.swift in Sources */,
			);
			runOnlyForDeploymentPostprocessing = 0;
		};
		D6C62F661E797D5E007D497A /* Sources */ = {
			isa = PBXSourcesBuildPhase;
			buildActionMask = 2147483647;
			files = (
				D6C62F6F1E797D5E007D497A /* SwiftStudyUITests.swift in Sources */,
			);
			runOnlyForDeploymentPostprocessing = 0;
		};
/* End PBXSourcesBuildPhase section */

/* Begin PBXTargetDependency section */
		D6C62F611E797D5E007D497A /* PBXTargetDependency */ = {
			isa = PBXTargetDependency;
			target = D6C62F4A1E797D5E007D497A /* SwiftStudy */;
			targetProxy = D6C62F601E797D5E007D497A /* PBXContainerItemProxy */;
		};
		D6C62F6C1E797D5E007D497A /* PBXTargetDependency */ = {
			isa = PBXTargetDependency;
			target = D6C62F4A1E797D5E007D497A /* SwiftStudy */;
			targetProxy = D6C62F6B1E797D5E007D497A /* PBXContainerItemProxy */;
		};
/* End PBXTargetDependency section */

/* Begin PBXVariantGroup section */
		D6C62F521E797D5E007D497A /* Main.storyboard */ = {
			isa = PBXVariantGroup;
			children = (
				D6C62F531E797D5E007D497A /* Base */,
			);
			name = Main.storyboard;
			sourceTree = "<group>";
		};
		D6C62F571E797D5E007D497A /* LaunchScreen.storyboard */ = {
			isa = PBXVariantGroup;
			children = (
				D6C62F581E797D5E007D497A /* Base */,
			);
			name = LaunchScreen.storyboard;
			sourceTree = "<group>";
		};
/* End PBXVariantGroup section */

/* Begin XCBuildConfiguration section */
		D6C62F711E797D5E007D497A /* Debug */ = {
			isa = XCBuildConfiguration;
			buildSettings = {
				ALWAYS_SEARCH_USER_PATHS = NO;
				CLANG_ANALYZER_NONNULL = YES;
				CLANG_CXX_LANGUAGE_STANDARD = "gnu++0x";
				CLANG_CXX_LIBRARY = "libc++";
				CLANG_ENABLE_MODULES = YES;
				CLANG_ENABLE_OBJC_ARC = YES;
				CLANG_WARN_BOOL_CONVERSION = YES;
				CLANG_WARN_CONSTANT_CONVERSION = YES;
				CLANG_WARN_DIRECT_OBJC_ISA_USAGE = YES_ERROR;
				CLANG_WARN_DOCUMENTATION_COMMENTS = YES;
				CLANG_WARN_EMPTY_BODY = YES;
				CLANG_WARN_ENUM_CONVERSION = YES;
				CLANG_WARN_INFINITE_RECURSION = YES;
				CLANG_WARN_INT_CONVERSION = YES;
				CLANG_WARN_OBJC_ROOT_CLASS = YES_ERROR;
				CLANG_WARN_SUSPICIOUS_MOVE = YES;
				CLANG_WARN_UNREACHABLE_CODE = YES;
				CLANG_WARN__DUPLICATE_METHOD_MATCH = YES;
				"CODE_SIGN_IDENTITY[sdk=iphoneos*]" = "iPhone Developer";
				COPY_PHASE_STRIP = NO;
				DEBUG_INFORMATION_FORMAT = dwarf;
				ENABLE_BITCODE = YES;
				ENABLE_STRICT_OBJC_MSGSEND = YES;
				ENABLE_TESTABILITY = YES;
				EXCLUDED_ARCHS = "";
				"EXCLUDED_ARCHS[sdk=iphonesimulator*]" = "arm64 i386";
				GCC_C_LANGUAGE_STANDARD = gnu99;
				GCC_DYNAMIC_NO_PIC = NO;
				GCC_NO_COMMON_BLOCKS = YES;
				GCC_OPTIMIZATION_LEVEL = 0;
				GCC_PREPROCESSOR_DEFINITIONS = (
					"DEBUG=1",
					"$(inherited)",
				);
				GCC_WARN_64_TO_32_BIT_CONVERSION = YES;
				GCC_WARN_ABOUT_RETURN_TYPE = YES_ERROR;
				GCC_WARN_UNDECLARED_SELECTOR = YES;
				GCC_WARN_UNINITIALIZED_AUTOS = YES_AGGRESSIVE;
				GCC_WARN_UNUSED_FUNCTION = YES;
				GCC_WARN_UNUSED_VARIABLE = YES;
				IPHONEOS_DEPLOYMENT_TARGET = 13.0;
				MTL_ENABLE_DEBUG_INFO = YES;
				ONLY_ACTIVE_ARCH = YES;
				SDKROOT = iphoneos;
				SWIFT_ACTIVE_COMPILATION_CONDITIONS = DEBUG;
				SWIFT_OPTIMIZATION_LEVEL = "-Onone";
				SWIFT_VERSION = 5.0;
				TARGETED_DEVICE_FAMILY = "1,2";
			};
			name = Debug;
		};
		D6C62F721E797D5E007D497A /* Release */ = {
			isa = XCBuildConfiguration;
			buildSettings = {
				ALWAYS_SEARCH_USER_PATHS = NO;
				CLANG_ANALYZER_NONNULL = YES;
				CLANG_CXX_LANGUAGE_STANDARD = "gnu++0x";
				CLANG_CXX_LIBRARY = "libc++";
				CLANG_ENABLE_MODULES = YES;
				CLANG_ENABLE_OBJC_ARC = YES;
				CLANG_WARN_BOOL_CONVERSION = YES;
				CLANG_WARN_CONSTANT_CONVERSION = YES;
				CLANG_WARN_DIRECT_OBJC_ISA_USAGE = YES_ERROR;
				CLANG_WARN_DOCUMENTATION_COMMENTS = YES;
				CLANG_WARN_EMPTY_BODY = YES;
				CLANG_WARN_ENUM_CONVERSION = YES;
				CLANG_WARN_INFINITE_RECURSION = YES;
				CLANG_WARN_INT_CONVERSION = YES;
				CLANG_WARN_OBJC_ROOT_CLASS = YES_ERROR;
				CLANG_WARN_SUSPICIOUS_MOVE = YES;
				CLANG_WARN_UNREACHABLE_CODE = YES;
				CLANG_WARN__DUPLICATE_METHOD_MATCH = YES;
				"CODE_SIGN_IDENTITY[sdk=iphoneos*]" = "iPhone Developer";
				COPY_PHASE_STRIP = NO;
				DEBUG_INFORMATION_FORMAT = "dwarf-with-dsym";
				ENABLE_BITCODE = YES;
				ENABLE_NS_ASSERTIONS = NO;
				ENABLE_STRICT_OBJC_MSGSEND = YES;
				EXCLUDED_ARCHS = "";
				GCC_C_LANGUAGE_STANDARD = gnu99;
				GCC_NO_COMMON_BLOCKS = YES;
				GCC_WARN_64_TO_32_BIT_CONVERSION = YES;
				GCC_WARN_ABOUT_RETURN_TYPE = YES_ERROR;
				GCC_WARN_UNDECLARED_SELECTOR = YES;
				GCC_WARN_UNINITIALIZED_AUTOS = YES_AGGRESSIVE;
				GCC_WARN_UNUSED_FUNCTION = YES;
				GCC_WARN_UNUSED_VARIABLE = YES;
				IPHONEOS_DEPLOYMENT_TARGET = 13.0;
				MTL_ENABLE_DEBUG_INFO = NO;
				ONLY_ACTIVE_ARCH = YES;
				SDKROOT = iphoneos;
				SWIFT_OPTIMIZATION_LEVEL = "-Owholemodule";
				SWIFT_VERSION = 5.0;
				TARGETED_DEVICE_FAMILY = "1,2";
				VALIDATE_PRODUCT = NO;
			};
			name = Release;
		};
		D6C62F741E797D5E007D497A /* Debug */ = {
			isa = XCBuildConfiguration;
			baseConfigurationReference = F651846779BC6987319F3F36 /* Pods-SwiftStudy.debug.xcconfig */;
			buildSettings = {
				ASSETCATALOG_COMPILER_APPICON_NAME = AppIcon;
				CLANG_ENABLE_MODULES = YES;
				CLANG_ENABLE_OBJC_ARC = NO;
				CODE_SIGN_IDENTITY = "Apple Development";
				"CODE_SIGN_IDENTITY[sdk=iphoneos*]" = "iPhone Developer";
				CODE_SIGN_STYLE = Automatic;
				DEVELOPMENT_TEAM = 7R3TQXEXN8;
				ENABLE_BITCODE = YES;
				FRAMEWORK_SEARCH_PATHS = (
					"$(inherited)",
					"$(PROJECT_DIR)/SwiftStudy",
				);
				INFOPLIST_FILE = SwiftStudy/Info.plist;
				IPHONEOS_DEPLOYMENT_TARGET = 13.0;
				LD_RUNPATH_SEARCH_PATHS = "$(inherited) @executable_path/Frameworks";
				PRODUCT_BUNDLE_IDENTIFIER = kr.jell.swiftstudy.SwiftStudy;
				PRODUCT_NAME = "$(TARGET_NAME)";
				PROVISIONING_PROFILE_SPECIFIER = "";
				SWIFT_OBJC_BRIDGING_HEADER = "SwiftStudy/SwiftStudy-Bridging-Header.h";
				SWIFT_OPTIMIZATION_LEVEL = "-Onone";
				SWIFT_VERSION = 5.0;
			};
			name = Debug;
		};
		D6C62F751E797D5E007D497A /* Release */ = {
			isa = XCBuildConfiguration;
			baseConfigurationReference = 90ACBE8F56558788A071F57E /* Pods-SwiftStudy.release.xcconfig */;
			buildSettings = {
				ASSETCATALOG_COMPILER_APPICON_NAME = AppIcon;
				CLANG_ENABLE_MODULES = YES;
				CLANG_ENABLE_OBJC_ARC = NO;
				CODE_SIGN_IDENTITY = "Apple Development";
				"CODE_SIGN_IDENTITY[sdk=iphoneos*]" = "iPhone Developer";
				CODE_SIGN_STYLE = Automatic;
				DEVELOPMENT_TEAM = 7R3TQXEXN8;
				ENABLE_BITCODE = YES;
				FRAMEWORK_SEARCH_PATHS = (
					"$(inherited)",
					"$(PROJECT_DIR)/SwiftStudy",
				);
				INFOPLIST_FILE = SwiftStudy/Info.plist;
				IPHONEOS_DEPLOYMENT_TARGET = 13.0;
				LD_RUNPATH_SEARCH_PATHS = "$(inherited) @executable_path/Frameworks";
				ONLY_ACTIVE_ARCH = YES;
				PRODUCT_BUNDLE_IDENTIFIER = kr.jell.swiftstudy.SwiftStudy;
				PRODUCT_NAME = "$(TARGET_NAME)";
				PROVISIONING_PROFILE_SPECIFIER = "";
				SWIFT_OBJC_BRIDGING_HEADER = "SwiftStudy/SwiftStudy-Bridging-Header.h";
				SWIFT_VERSION = 5.0;
			};
			name = Release;
		};
		D6C62F771E797D5E007D497A /* Debug */ = {
			isa = XCBuildConfiguration;
			buildSettings = {
				ALWAYS_EMBED_SWIFT_STANDARD_LIBRARIES = YES;
				BUNDLE_LOADER = "$(TEST_HOST)";
				DEVELOPMENT_TEAM = 7R3TQXEXN8;
				INFOPLIST_FILE = SwiftStudyTests/Info.plist;
				LD_RUNPATH_SEARCH_PATHS = "$(inherited) @executable_path/Frameworks @loader_path/Frameworks";
				PRODUCT_BUNDLE_IDENTIFIER = kr.jell.swiftstudy.SwiftStudyTests;
				PRODUCT_NAME = "$(TARGET_NAME)";
				SWIFT_VERSION = 5.0;
				TEST_HOST = "$(BUILT_PRODUCTS_DIR)/SwiftStudy.app/SwiftStudy";
			};
			name = Debug;
		};
		D6C62F781E797D5E007D497A /* Release */ = {
			isa = XCBuildConfiguration;
			buildSettings = {
				ALWAYS_EMBED_SWIFT_STANDARD_LIBRARIES = YES;
				BUNDLE_LOADER = "$(TEST_HOST)";
				DEVELOPMENT_TEAM = 7R3TQXEXN8;
				INFOPLIST_FILE = SwiftStudyTests/Info.plist;
				LD_RUNPATH_SEARCH_PATHS = "$(inherited) @executable_path/Frameworks @loader_path/Frameworks";
				PRODUCT_BUNDLE_IDENTIFIER = kr.jell.swiftstudy.SwiftStudyTests;
				PRODUCT_NAME = "$(TARGET_NAME)";
				SWIFT_VERSION = 5.0;
				TEST_HOST = "$(BUILT_PRODUCTS_DIR)/SwiftStudy.app/SwiftStudy";
			};
			name = Release;
		};
		D6C62F7A1E797D5E007D497A /* Debug */ = {
			isa = XCBuildConfiguration;
			buildSettings = {
				ALWAYS_EMBED_SWIFT_STANDARD_LIBRARIES = YES;
				DEVELOPMENT_TEAM = 7R3TQXEXN8;
				INFOPLIST_FILE = SwiftStudyUITests/Info.plist;
				LD_RUNPATH_SEARCH_PATHS = "$(inherited) @executable_path/Frameworks @loader_path/Frameworks";
				PRODUCT_BUNDLE_IDENTIFIER = kr.jell.swiftstudy.SwiftStudyUITests;
				PRODUCT_NAME = "$(TARGET_NAME)";
				SWIFT_VERSION = 5.0;
				TEST_TARGET_NAME = SwiftStudy;
			};
			name = Debug;
		};
		D6C62F7B1E797D5E007D497A /* Release */ = {
			isa = XCBuildConfiguration;
			buildSettings = {
				ALWAYS_EMBED_SWIFT_STANDARD_LIBRARIES = YES;
				DEVELOPMENT_TEAM = 7R3TQXEXN8;
				INFOPLIST_FILE = SwiftStudyUITests/Info.plist;
				LD_RUNPATH_SEARCH_PATHS = "$(inherited) @executable_path/Frameworks @loader_path/Frameworks";
				PRODUCT_BUNDLE_IDENTIFIER = kr.jell.swiftstudy.SwiftStudyUITests;
				PRODUCT_NAME = "$(TARGET_NAME)";
				SWIFT_VERSION = 5.0;
				TEST_TARGET_NAME = SwiftStudy;
			};
			name = Release;
		};
/* End XCBuildConfiguration section */

/* Begin XCConfigurationList section */
		D6C62F461E797D5E007D497A /* Build configuration list for PBXProject "SwiftStudy" */ = {
			isa = XCConfigurationList;
			buildConfigurations = (
				D6C62F711E797D5E007D497A /* Debug */,
				D6C62F721E797D5E007D497A /* Release */,
			);
			defaultConfigurationIsVisible = 0;
			defaultConfigurationName = Release;
		};
		D6C62F731E797D5E007D497A /* Build configuration list for PBXNativeTarget "SwiftStudy" */ = {
			isa = XCConfigurationList;
			buildConfigurations = (
				D6C62F741E797D5E007D497A /* Debug */,
				D6C62F751E797D5E007D497A /* Release */,
			);
			defaultConfigurationIsVisible = 0;
			defaultConfigurationName = Release;
		};
		D6C62F761E797D5E007D497A /* Build configuration list for PBXNativeTarget "SwiftStudyTests" */ = {
			isa = XCConfigurationList;
			buildConfigurations = (
				D6C62F771E797D5E007D497A /* Debug */,
				D6C62F781E797D5E007D497A /* Release */,
			);
			defaultConfigurationIsVisible = 0;
			defaultConfigurationName = Release;
		};
		D6C62F791E797D5E007D497A /* Build configuration list for PBXNativeTarget "SwiftStudyUITests" */ = {
			isa = XCConfigurationList;
			buildConfigurations = (
				D6C62F7A1E797D5E007D497A /* Debug */,
				D6C62F7B1E797D5E007D497A /* Release */,
			);
			defaultConfigurationIsVisible = 0;
			defaultConfigurationName = Release;
		};
/* End XCConfigurationList section */
	};
	rootObject = D6C62F431E797D5E007D497A /* Project object */;
}
